// !$*UTF8*$!
{
	archiveVersion = 1;
	classes = {
	};
	objectVersion = 46;
	objects = {

/* Begin PBXBuildFile section */
		18370EE61D795965006B33A1 /* YKAppCacheDataManger.m in Sources */ = {isa = PBXBuildFile; fileRef = 18370EE51D795965006B33A1 /* YKAppCacheDataManger.m */; };
		18370EE91D795B7D006B33A1 /* BaseDBModel.m in Sources */ = {isa = PBXBuildFile; fileRef = 18370EE81D795B7D006B33A1 /* BaseDBModel.m */; };
		184D3DD41D7823A6000875B2 /* BaseHttpDataManger.m in Sources */ = {isa = PBXBuildFile; fileRef = 184D3DD31D7823A6000875B2 /* BaseHttpDataManger.m */; };
		184D3DE01D782CD6000875B2 /* BaseInterfaceDM.m in Sources */ = {isa = PBXBuildFile; fileRef = 184D3DDF1D782CD6000875B2 /* BaseInterfaceDM.m */; };
		184D3DE41D782D19000875B2 /* LonginInterfaceDM.m in Sources */ = {isa = PBXBuildFile; fileRef = 184D3DE31D782D19000875B2 /* LonginInterfaceDM.m */; };
		184D3DEB1D79217F000875B2 /* ShareSDK.framework in Frameworks */ = {isa = PBXBuildFile; fileRef = 184D3DEA1D79217F000875B2 /* ShareSDK.framework */; };
		184D3DF01D7921AB000875B2 /* MOBFoundation.framework in Frameworks */ = {isa = PBXBuildFile; fileRef = 184D3DED1D7921AB000875B2 /* MOBFoundation.framework */; };
		184D3DF11D7921AB000875B2 /* ShareSDK.bundle in Resources */ = {isa = PBXBuildFile; fileRef = 184D3DEE1D7921AB000875B2 /* ShareSDK.bundle */; };
		184D3DF21D7921AB000875B2 /* ShareSDKConnector.framework in Frameworks */ = {isa = PBXBuildFile; fileRef = 184D3DEF1D7921AB000875B2 /* ShareSDKConnector.framework */; };
		184D3DF41D79221D000875B2 /* ShareSDKExtension.framework in Frameworks */ = {isa = PBXBuildFile; fileRef = 184D3DF31D79221D000875B2 /* ShareSDKExtension.framework */; };
		184D3DF61D7922AA000875B2 /* libicucore.tbd in Frameworks */ = {isa = PBXBuildFile; fileRef = 184D3DF51D7922AA000875B2 /* libicucore.tbd */; };
		184D3DF81D7922B7000875B2 /* libz.tbd in Frameworks */ = {isa = PBXBuildFile; fileRef = 184D3DF71D7922B7000875B2 /* libz.tbd */; };
		184D3DFA1D7922CD000875B2 /* libstdc++.tbd in Frameworks */ = {isa = PBXBuildFile; fileRef = 184D3DF91D7922CD000875B2 /* libstdc++.tbd */; };
		184D3DFC1D7922D7000875B2 /* JavaScriptCore.framework in Frameworks */ = {isa = PBXBuildFile; fileRef = 184D3DFB1D7922D7000875B2 /* JavaScriptCore.framework */; };
		184D3DFE1D7922EE000875B2 /* MessageUI.framework in Frameworks */ = {isa = PBXBuildFile; fileRef = 184D3DFD1D7922EE000875B2 /* MessageUI.framework */; };
		184D3E181D7923AA000875B2 /* TencentOpenAPI.framework in Frameworks */ = {isa = PBXBuildFile; fileRef = 184D3E011D7923AA000875B2 /* TencentOpenAPI.framework */; };
		184D3E191D7923AA000875B2 /* TencentOpenApi_IOS_Bundle.bundle in Resources */ = {isa = PBXBuildFile; fileRef = 184D3E021D7923AA000875B2 /* TencentOpenApi_IOS_Bundle.bundle */; };
		184D3E1A1D7923AA000875B2 /* libWeiboSDK.a in Frameworks */ = {isa = PBXBuildFile; fileRef = 184D3E041D7923AA000875B2 /* libWeiboSDK.a */; };
		184D3E1B1D7923AA000875B2 /* WeiboSDK.bundle in Resources */ = {isa = PBXBuildFile; fileRef = 184D3E0E1D7923AA000875B2 /* WeiboSDK.bundle */; };
		184D3E1C1D7923AA000875B2 /* libWeChatSDK.a in Frameworks */ = {isa = PBXBuildFile; fileRef = 184D3E121D7923AA000875B2 /* libWeChatSDK.a */; };
		184D3E1D1D7923AA000875B2 /* read_me.txt in Resources */ = {isa = PBXBuildFile; fileRef = 184D3E131D7923AA000875B2 /* read_me.txt */; };
		184D3E1E1D7923AA000875B2 /* README.txt in Resources */ = {isa = PBXBuildFile; fileRef = 184D3E141D7923AA000875B2 /* README.txt */; };
		184D3E201D7923BF000875B2 /* ImageIO.framework in Frameworks */ = {isa = PBXBuildFile; fileRef = 184D3E1F1D7923BF000875B2 /* ImageIO.framework */; };
		184D3E221D7923CB000875B2 /* libsqlite3.tbd in Frameworks */ = {isa = PBXBuildFile; fileRef = 184D3E211D7923CB000875B2 /* libsqlite3.tbd */; };
		184D3E261D792524000875B2 /* YKAppManger.m in Sources */ = {isa = PBXBuildFile; fileRef = 184D3E251D792524000875B2 /* YKAppManger.m */; };
		184D3E291D7926BB000875B2 /* LZBYKShareSDKManger.m in Sources */ = {isa = PBXBuildFile; fileRef = 184D3E281D7926BB000875B2 /* LZBYKShareSDKManger.m */; };
		184D3E2C1D79524F000875B2 /* UITypes.m in Sources */ = {isa = PBXBuildFile; fileRef = 184D3E2B1D79524F000875B2 /* UITypes.m */; };
		185082111D531F850014D26D /* LaunchScreen.storyboard in Resources */ = {isa = PBXBuildFile; fileRef = 1850820F1D531F850014D26D /* LaunchScreen.storyboard */; };
		185082371D542D280014D26D /* AppDelegate.m in Sources */ = {isa = PBXBuildFile; fileRef = 185082311D542D280014D26D /* AppDelegate.m */; };
		185082381D542D280014D26D /* Assets.xcassets in Resources */ = {isa = PBXBuildFile; fileRef = 185082321D542D280014D26D /* Assets.xcassets */; };
		185082391D542D280014D26D /* main.m in Sources */ = {isa = PBXBuildFile; fileRef = 185082331D542D280014D26D /* main.m */; };
		185D56191D76734C00A53AE9 /* LZBFuncTools.m in Sources */ = {isa = PBXBuildFile; fileRef = 185D56181D76734C00A53AE9 /* LZBFuncTools.m */; };
		185D56241D76B06F00A53AE9 /* HUD.m in Sources */ = {isa = PBXBuildFile; fileRef = 185D56231D76B06F00A53AE9 /* HUD.m */; };
		185D56281D76D39700A53AE9 /* BaseNC.m in Sources */ = {isa = PBXBuildFile; fileRef = 185D56271D76D39700A53AE9 /* BaseNC.m */; };
		185D562B1D76D3CF00A53AE9 /* BaseTC.m in Sources */ = {isa = PBXBuildFile; fileRef = 185D562A1D76D3CF00A53AE9 /* BaseTC.m */; };
		185D562E1D76D3E700A53AE9 /* BaseVC.m in Sources */ = {isa = PBXBuildFile; fileRef = 185D562D1D76D3E700A53AE9 /* BaseVC.m */; };
		185D56311D76D9CD00A53AE9 /* BaseDataManger.m in Sources */ = {isa = PBXBuildFile; fileRef = 185D56301D76D9CD00A53AE9 /* BaseDataManger.m */; };
		18A4377B1D7EB05400AE6AAD /* YKAPPConfigModel.m in Sources */ = {isa = PBXBuildFile; fileRef = 18A4377A1D7EB05400AE6AAD /* YKAPPConfigModel.m */; };
		18A4377E1D7EB82100AE6AAD /* LZBDataConversionManger.m in Sources */ = {isa = PBXBuildFile; fileRef = 18A4377D1D7EB82100AE6AAD /* LZBDataConversionManger.m */; };
		18A437851D7FAEBD00AE6AAD /* LZBYKAdvertisementVC.m in Sources */ = {isa = PBXBuildFile; fileRef = 18A437841D7FAEBD00AE6AAD /* LZBYKAdvertisementVC.m */; };
		18A437871D7FB41B00AE6AAD /* wenxin_tuanguan_icon.jpg in Resources */ = {isa = PBXBuildFile; fileRef = 18A437861D7FB41B00AE6AAD /* wenxin_tuanguan_icon.jpg */; };
		18A4378A1D7FB6DF00AE6AAD /* UIConstantFont.m in Sources */ = {isa = PBXBuildFile; fileRef = 18A437891D7FB6DF00AE6AAD /* UIConstantFont.m */; };
		18A4378D1D7FB6FD00AE6AAD /* UIConstantColor.m in Sources */ = {isa = PBXBuildFile; fileRef = 18A4378C1D7FB6FD00AE6AAD /* UIConstantColor.m */; };
		18A437A31D82646500AE6AAD /* UIView+ClipAngle.m in Sources */ = {isa = PBXBuildFile; fileRef = 18A437A21D82646500AE6AAD /* UIView+ClipAngle.m */; };
		18A437A51D86867300AE6AAD /* loginyyun@2x.png in Resources */ = {isa = PBXBuildFile; fileRef = 18A437A41D86867300AE6AAD /* loginyyun@2x.png */; };
		18A437BE1D87A6E900AE6AAD /* login_dx@2x.png in Resources */ = {isa = PBXBuildFile; fileRef = 18A437B61D87A6E900AE6AAD /* login_dx@2x.png */; };
		18A437BF1D87A6E900AE6AAD /* login_dx@3x.png in Resources */ = {isa = PBXBuildFile; fileRef = 18A437B71D87A6E900AE6AAD /* login_dx@3x.png */; };
		18A437C01D87A6E900AE6AAD /* login_qq@2x.png in Resources */ = {isa = PBXBuildFile; fileRef = 18A437B81D87A6E900AE6AAD /* login_qq@2x.png */; };
		18A437C11D87A6E900AE6AAD /* login_qq@3x.png in Resources */ = {isa = PBXBuildFile; fileRef = 18A437B91D87A6E900AE6AAD /* login_qq@3x.png */; };
		18A437C21D87A6E900AE6AAD /* login_weibo@2x.png in Resources */ = {isa = PBXBuildFile; fileRef = 18A437BA1D87A6E900AE6AAD /* login_weibo@2x.png */; };
		18A437C31D87A6E900AE6AAD /* login_weibo@3x.png in Resources */ = {isa = PBXBuildFile; fileRef = 18A437BB1D87A6E900AE6AAD /* login_weibo@3x.png */; };
		18A437C41D87A6E900AE6AAD /* login_wx@2x.png in Resources */ = {isa = PBXBuildFile; fileRef = 18A437BC1D87A6E900AE6AAD /* login_wx@2x.png */; };
		18A437C51D87A6E900AE6AAD /* login_wx@3x.png in Resources */ = {isa = PBXBuildFile; fileRef = 18A437BD1D87A6E900AE6AAD /* login_wx@3x.png */; };
		18A437C71D87A72C00AE6AAD /* LZBYKLoginVC.m in Sources */ = {isa = PBXBuildFile; fileRef = 18A437C61D87A72C00AE6AAD /* LZBYKLoginVC.m */; };
		18A437CF1D87E44700AE6AAD /* LZBReachabilityManager.m in Sources */ = {isa = PBXBuildFile; fileRef = 18A437CE1D87E44700AE6AAD /* LZBReachabilityManager.m */; };
		18A437D21D87ED1000AE6AAD /* LZBYKLoginManger.m in Sources */ = {isa = PBXBuildFile; fileRef = 18A437D11D87ED1000AE6AAD /* LZBYKLoginManger.m */; };
		18A437D51D87F33400AE6AAD /* LZBYKMainTabVC.m in Sources */ = {isa = PBXBuildFile; fileRef = 18A437D41D87F33400AE6AAD /* LZBYKMainTabVC.m */; };
		18A437D91D87F3FA00AE6AAD /* LZBYKMainInterfaceDM.m in Sources */ = {isa = PBXBuildFile; fileRef = 18A437D81D87F3FA00AE6AAD /* LZBYKMainInterfaceDM.m */; };
		18A437DC1D8800B900AE6AAD /* LZBYKMainViewController.m in Sources */ = {isa = PBXBuildFile; fileRef = 18A437DB1D8800B900AE6AAD /* LZBYKMainViewController.m */; };
		18A437DF1D88011700AE6AAD /* LZBYKCenterViewController.m in Sources */ = {isa = PBXBuildFile; fileRef = 18A437DE1D88011700AE6AAD /* LZBYKCenterViewController.m */; };
		18A437E21D88013B00AE6AAD /* LZBYKMyViewController.m in Sources */ = {isa = PBXBuildFile; fileRef = 18A437E11D88013B00AE6AAD /* LZBYKMyViewController.m */; };
		18A437E71D88026400AE6AAD /* LZBCenterInterfaceDM.m in Sources */ = {isa = PBXBuildFile; fileRef = 18A437E61D88026400AE6AAD /* LZBCenterInterfaceDM.m */; };
		18A437EA1D88028300AE6AAD /* LZBMyInterfaceDM.m in Sources */ = {isa = PBXBuildFile; fileRef = 18A437E91D88028300AE6AAD /* LZBMyInterfaceDM.m */; };
		18A437F31D881D2300AE6AAD /* tab_live_p@2x.png in Resources */ = {isa = PBXBuildFile; fileRef = 18A437EB1D881D2300AE6AAD /* tab_live_p@2x.png */; };
		18A437F41D881D2300AE6AAD /* tab_live_p@3x.png in Resources */ = {isa = PBXBuildFile; fileRef = 18A437EC1D881D2300AE6AAD /* tab_live_p@3x.png */; };
		18A437F51D881D2300AE6AAD /* tab_live@2x.png in Resources */ = {isa = PBXBuildFile; fileRef = 18A437ED1D881D2300AE6AAD /* tab_live@2x.png */; };
		18A437F61D881D2300AE6AAD /* tab_live@3x.png in Resources */ = {isa = PBXBuildFile; fileRef = 18A437EE1D881D2300AE6AAD /* tab_live@3x.png */; };
		18A437F71D881D2300AE6AAD /* tab_me_p@2x.png in Resources */ = {isa = PBXBuildFile; fileRef = 18A437EF1D881D2300AE6AAD /* tab_me_p@2x.png */; };
		18A437F81D881D2300AE6AAD /* tab_me_p@3x.png in Resources */ = {isa = PBXBuildFile; fileRef = 18A437F01D881D2300AE6AAD /* tab_me_p@3x.png */; };
		18A437F91D881D2300AE6AAD /* tab_me@2x.png in Resources */ = {isa = PBXBuildFile; fileRef = 18A437F11D881D2300AE6AAD /* tab_me@2x.png */; };
		18A437FA1D881D2300AE6AAD /* tab_me@3x.png in Resources */ = {isa = PBXBuildFile; fileRef = 18A437F21D881D2300AE6AAD /* tab_me@3x.png */; };
		18A437FD1D88222F00AE6AAD /* tab_launch@2x.png in Resources */ = {isa = PBXBuildFile; fileRef = 18A437FB1D88222F00AE6AAD /* tab_launch@2x.png */; };
		18A437FE1D88222F00AE6AAD /* tab_launch@3x.png in Resources */ = {isa = PBXBuildFile; fileRef = 18A437FC1D88222F00AE6AAD /* tab_launch@3x.png */; };
		18A438011D88231800AE6AAD /* LZBYKTabBar.m in Sources */ = {isa = PBXBuildFile; fileRef = 18A438001D88231800AE6AAD /* LZBYKTabBar.m */; };
		18A438041D8E296100AE6AAD /* UIDevice+Extension.m in Sources */ = {isa = PBXBuildFile; fileRef = 18A438031D8E296100AE6AAD /* UIDevice+Extension.m */; };
		18A438071D8E3DB900AE6AAD /* UIConstant.m in Sources */ = {isa = PBXBuildFile; fileRef = 18A438061D8E3DB900AE6AAD /* UIConstant.m */; };
		18D8A9491D73C4A0005768A2 /* UIView+Frame.m in Sources */ = {isa = PBXBuildFile; fileRef = 18D8A9481D73C4A0005768A2 /* UIView+Frame.m */; };
		18D8A94D1D73C8D7005768A2 /* UIView+Border.m in Sources */ = {isa = PBXBuildFile; fileRef = 18D8A94C1D73C8D7005768A2 /* UIView+Border.m */; };
		18D8A9501D73CCDC005768A2 /* UIImage+Common.m in Sources */ = {isa = PBXBuildFile; fileRef = 18D8A94F1D73CCDC005768A2 /* UIImage+Common.m */; };
		18D8A9671D7563C3005768A2 /* BaseModel.m in Sources */ = {isa = PBXBuildFile; fileRef = 18D8A9661D7563C3005768A2 /* BaseModel.m */; };
		18D8A97A1D7570DE005768A2 /* BaseHttpModel.m in Sources */ = {isa = PBXBuildFile; fileRef = 18D8A9741D7570DE005768A2 /* BaseHttpModel.m */; };
		18D8A97B1D7570DE005768A2 /* BaseResponseModel.m in Sources */ = {isa = PBXBuildFile; fileRef = 18D8A9761D7570DE005768A2 /* BaseResponseModel.m */; };
		18D8A97C1D7570DE005768A2 /* BaseResquestModel.m in Sources */ = {isa = PBXBuildFile; fileRef = 18D8A9781D7570DE005768A2 /* BaseResquestModel.m */; };
		18D8A97F1D757121005768A2 /* NetWorkResquestTool.m in Sources */ = {isa = PBXBuildFile; fileRef = 18D8A97E1D757121005768A2 /* NetWorkResquestTool.m */; };
		18D8A9821D7589E9005768A2 /* AppConstants.m in Sources */ = {isa = PBXBuildFile; fileRef = 18D8A9811D7589E9005768A2 /* AppConstants.m */; };
		D48A8B2F2794289ECC240BBD /* libPods.a in Frameworks */ = {isa = PBXBuildFile; fileRef = 80913A990D6EE267523350FB /* libPods.a */; };
/* End PBXBuildFile section */

/* Begin PBXFileReference section */
		18370EE41D795965006B33A1 /* YKAppCacheDataManger.h */ = {isa = PBXFileReference; fileEncoding = 4; lastKnownFileType = sourcecode.c.h; name = YKAppCacheDataManger.h; path = ../Constants/AppManger/YKAppCacheDataManger.h; sourceTree = "<group>"; };
		18370EE51D795965006B33A1 /* YKAppCacheDataManger.m */ = {isa = PBXFileReference; fileEncoding = 4; lastKnownFileType = sourcecode.c.objc; name = YKAppCacheDataManger.m; path = ../Constants/AppManger/YKAppCacheDataManger.m; sourceTree = "<group>"; };
		18370EE71D795B7D006B33A1 /* BaseDBModel.h */ = {isa = PBXFileReference; fileEncoding = 4; lastKnownFileType = sourcecode.c.h; path = BaseDBModel.h; sourceTree = "<group>"; };
		18370EE81D795B7D006B33A1 /* BaseDBModel.m */ = {isa = PBXFileReference; fileEncoding = 4; lastKnownFileType = sourcecode.c.objc; path = BaseDBModel.m; sourceTree = "<group>"; };
		184D3DD21D7823A6000875B2 /* BaseHttpDataManger.h */ = {isa = PBXFileReference; fileEncoding = 4; lastKnownFileType = sourcecode.c.h; name = BaseHttpDataManger.h; path = BaseModel/BaseHttpDataManger.h; sourceTree = "<group>"; };
		184D3DD31D7823A6000875B2 /* BaseHttpDataManger.m */ = {isa = PBXFileReference; fileEncoding = 4; lastKnownFileType = sourcecode.c.objc; name = BaseHttpDataManger.m; path = BaseModel/BaseHttpDataManger.m; sourceTree = "<group>"; };
		184D3DDB1D782724000875B2 /* LZBYKLoginVC.h */ = {isa = PBXFileReference; fileEncoding = 4; lastKnownFileType = sourcecode.c.h; path = LZBYKLoginVC.h; sourceTree = "<group>"; };
		184D3DDE1D782CD6000875B2 /* BaseInterfaceDM.h */ = {isa = PBXFileReference; fileEncoding = 4; lastKnownFileType = sourcecode.c.h; path = BaseInterfaceDM.h; sourceTree = "<group>"; };
		184D3DDF1D782CD6000875B2 /* BaseInterfaceDM.m */ = {isa = PBXFileReference; fileEncoding = 4; lastKnownFileType = sourcecode.c.objc; path = BaseInterfaceDM.m; sourceTree = "<group>"; };
		184D3DE21D782D19000875B2 /* LonginInterfaceDM.h */ = {isa = PBXFileReference; fileEncoding = 4; lastKnownFileType = sourcecode.c.h; path = LonginInterfaceDM.h; sourceTree = "<group>"; };
		184D3DE31D782D19000875B2 /* LonginInterfaceDM.m */ = {isa = PBXFileReference; fileEncoding = 4; lastKnownFileType = sourcecode.c.objc; path = LonginInterfaceDM.m; sourceTree = "<group>"; };
		184D3DEA1D79217F000875B2 /* ShareSDK.framework */ = {isa = PBXFileReference; lastKnownFileType = wrapper.framework; path = ShareSDK.framework; sourceTree = "<group>"; };
		184D3DED1D7921AB000875B2 /* MOBFoundation.framework */ = {isa = PBXFileReference; lastKnownFileType = wrapper.framework; path = MOBFoundation.framework; sourceTree = "<group>"; };
		184D3DEE1D7921AB000875B2 /* ShareSDK.bundle */ = {isa = PBXFileReference; lastKnownFileType = "wrapper.plug-in"; path = ShareSDK.bundle; sourceTree = "<group>"; };
		184D3DEF1D7921AB000875B2 /* ShareSDKConnector.framework */ = {isa = PBXFileReference; lastKnownFileType = wrapper.framework; path = ShareSDKConnector.framework; sourceTree = "<group>"; };
		184D3DF31D79221D000875B2 /* ShareSDKExtension.framework */ = {isa = PBXFileReference; lastKnownFileType = wrapper.framework; name = ShareSDKExtension.framework; path = Required/ShareSDKExtension.framework; sourceTree = "<group>"; };
		184D3DF51D7922AA000875B2 /* libicucore.tbd */ = {isa = PBXFileReference; lastKnownFileType = "sourcecode.text-based-dylib-definition"; name = libicucore.tbd; path = usr/lib/libicucore.tbd; sourceTree = SDKROOT; };
		184D3DF71D7922B7000875B2 /* libz.tbd */ = {isa = PBXFileReference; lastKnownFileType = "sourcecode.text-based-dylib-definition"; name = libz.tbd; path = usr/lib/libz.tbd; sourceTree = SDKROOT; };
		184D3DF91D7922CD000875B2 /* libstdc++.tbd */ = {isa = PBXFileReference; lastKnownFileType = "sourcecode.text-based-dylib-definition"; name = "libstdc++.tbd"; path = "usr/lib/libstdc++.tbd"; sourceTree = SDKROOT; };
		184D3DFB1D7922D7000875B2 /* JavaScriptCore.framework */ = {isa = PBXFileReference; lastKnownFileType = wrapper.framework; name = JavaScriptCore.framework; path = System/Library/Frameworks/JavaScriptCore.framework; sourceTree = SDKROOT; };
		184D3DFD1D7922EE000875B2 /* MessageUI.framework */ = {isa = PBXFileReference; lastKnownFileType = wrapper.framework; name = MessageUI.framework; path = System/Library/Frameworks/MessageUI.framework; sourceTree = SDKROOT; };
		184D3E011D7923AA000875B2 /* TencentOpenAPI.framework */ = {isa = PBXFileReference; lastKnownFileType = wrapper.framework; path = TencentOpenAPI.framework; sourceTree = "<group>"; };
		184D3E021D7923AA000875B2 /* TencentOpenApi_IOS_Bundle.bundle */ = {isa = PBXFileReference; lastKnownFileType = "wrapper.plug-in"; path = TencentOpenApi_IOS_Bundle.bundle; sourceTree = "<group>"; };
		184D3E041D7923AA000875B2 /* libWeiboSDK.a */ = {isa = PBXFileReference; lastKnownFileType = archive.ar; path = libWeiboSDK.a; sourceTree = "<group>"; };
		184D3E051D7923AA000875B2 /* WBHttpRequest+WeiboGame.h */ = {isa = PBXFileReference; fileEncoding = 4; lastKnownFileType = sourcecode.c.h; path = "WBHttpRequest+WeiboGame.h"; sourceTree = "<group>"; };
		184D3E061D7923AA000875B2 /* WBHttpRequest+WeiboShare.h */ = {isa = PBXFileReference; fileEncoding = 4; lastKnownFileType = sourcecode.c.h; path = "WBHttpRequest+WeiboShare.h"; sourceTree = "<group>"; };
		184D3E071D7923AA000875B2 /* WBHttpRequest+WeiboToken.h */ = {isa = PBXFileReference; fileEncoding = 4; lastKnownFileType = sourcecode.c.h; path = "WBHttpRequest+WeiboToken.h"; sourceTree = "<group>"; };
		184D3E081D7923AA000875B2 /* WBHttpRequest+WeiboUser.h */ = {isa = PBXFileReference; fileEncoding = 4; lastKnownFileType = sourcecode.c.h; path = "WBHttpRequest+WeiboUser.h"; sourceTree = "<group>"; };
		184D3E091D7923AA000875B2 /* WBHttpRequest.h */ = {isa = PBXFileReference; fileEncoding = 4; lastKnownFileType = sourcecode.c.h; path = WBHttpRequest.h; sourceTree = "<group>"; };
		184D3E0A1D7923AA000875B2 /* WBSDKBasicButton.h */ = {isa = PBXFileReference; fileEncoding = 4; lastKnownFileType = sourcecode.c.h; path = WBSDKBasicButton.h; sourceTree = "<group>"; };
		184D3E0B1D7923AA000875B2 /* WBSDKCommentButton.h */ = {isa = PBXFileReference; fileEncoding = 4; lastKnownFileType = sourcecode.c.h; path = WBSDKCommentButton.h; sourceTree = "<group>"; };
		184D3E0C1D7923AA000875B2 /* WBSDKRelationshipButton.h */ = {isa = PBXFileReference; fileEncoding = 4; lastKnownFileType = sourcecode.c.h; path = WBSDKRelationshipButton.h; sourceTree = "<group>"; };
		184D3E0D1D7923AA000875B2 /* WeiboSDK+Statistics.h */ = {isa = PBXFileReference; fileEncoding = 4; lastKnownFileType = sourcecode.c.h; path = "WeiboSDK+Statistics.h"; sourceTree = "<group>"; };
		184D3E0E1D7923AA000875B2 /* WeiboSDK.bundle */ = {isa = PBXFileReference; lastKnownFileType = "wrapper.plug-in"; path = WeiboSDK.bundle; sourceTree = "<group>"; };
		184D3E0F1D7923AA000875B2 /* WeiboSDK.h */ = {isa = PBXFileReference; fileEncoding = 4; lastKnownFileType = sourcecode.c.h; path = WeiboSDK.h; sourceTree = "<group>"; };
		184D3E101D7923AA000875B2 /* WeiboUser.h */ = {isa = PBXFileReference; fileEncoding = 4; lastKnownFileType = sourcecode.c.h; path = WeiboUser.h; sourceTree = "<group>"; };
		184D3E121D7923AA000875B2 /* libWeChatSDK.a */ = {isa = PBXFileReference; lastKnownFileType = archive.ar; path = libWeChatSDK.a; sourceTree = "<group>"; };
		184D3E131D7923AA000875B2 /* read_me.txt */ = {isa = PBXFileReference; fileEncoding = 4; lastKnownFileType = text; path = read_me.txt; sourceTree = "<group>"; };
		184D3E141D7923AA000875B2 /* README.txt */ = {isa = PBXFileReference; fileEncoding = 4; lastKnownFileType = text; path = README.txt; sourceTree = "<group>"; };
		184D3E151D7923AA000875B2 /* WechatAuthSDK.h */ = {isa = PBXFileReference; fileEncoding = 4; lastKnownFileType = sourcecode.c.h; path = WechatAuthSDK.h; sourceTree = "<group>"; };
		184D3E161D7923AA000875B2 /* WXApi.h */ = {isa = PBXFileReference; fileEncoding = 4; lastKnownFileType = sourcecode.c.h; path = WXApi.h; sourceTree = "<group>"; };
		184D3E171D7923AA000875B2 /* WXApiObject.h */ = {isa = PBXFileReference; fileEncoding = 4; lastKnownFileType = sourcecode.c.h; path = WXApiObject.h; sourceTree = "<group>"; };
		184D3E1F1D7923BF000875B2 /* ImageIO.framework */ = {isa = PBXFileReference; lastKnownFileType = wrapper.framework; name = ImageIO.framework; path = System/Library/Frameworks/ImageIO.framework; sourceTree = SDKROOT; };
		184D3E211D7923CB000875B2 /* libsqlite3.tbd */ = {isa = PBXFileReference; lastKnownFileType = "sourcecode.text-based-dylib-definition"; name = libsqlite3.tbd; path = usr/lib/libsqlite3.tbd; sourceTree = SDKROOT; };
		184D3E241D792524000875B2 /* YKAppManger.h */ = {isa = PBXFileReference; fileEncoding = 4; lastKnownFileType = sourcecode.c.h; path = YKAppManger.h; sourceTree = "<group>"; };
		184D3E251D792524000875B2 /* YKAppManger.m */ = {isa = PBXFileReference; fileEncoding = 4; lastKnownFileType = sourcecode.c.objc; path = YKAppManger.m; sourceTree = "<group>"; };
		184D3E271D7926BB000875B2 /* LZBYKShareSDKManger.h */ = {isa = PBXFileReference; fileEncoding = 4; lastKnownFileType = sourcecode.c.h; path = LZBYKShareSDKManger.h; sourceTree = "<group>"; };
		184D3E281D7926BB000875B2 /* LZBYKShareSDKManger.m */ = {isa = PBXFileReference; fileEncoding = 4; lastKnownFileType = sourcecode.c.objc; path = LZBYKShareSDKManger.m; sourceTree = "<group>"; };
		184D3E2A1D79524F000875B2 /* UITypes.h */ = {isa = PBXFileReference; fileEncoding = 4; lastKnownFileType = sourcecode.c.h; path = UITypes.h; sourceTree = "<group>"; };
		184D3E2B1D79524F000875B2 /* UITypes.m */ = {isa = PBXFileReference; fileEncoding = 4; lastKnownFileType = sourcecode.c.objc; path = UITypes.m; sourceTree = "<group>"; };
		185081FE1D531F850014D26D /* LZBYKLive.app */ = {isa = PBXFileReference; explicitFileType = wrapper.application; includeInIndex = 0; path = LZBYKLive.app; sourceTree = BUILT_PRODUCTS_DIR; };
		185082101D531F850014D26D /* Base */ = {isa = PBXFileReference; lastKnownFileType = file.storyboard; name = Base; path = Base.lproj/LaunchScreen.storyboard; sourceTree = "<group>"; };
		185082121D531F850014D26D /* Info.plist */ = {isa = PBXFileReference; lastKnownFileType = text.plist.xml; path = Info.plist; sourceTree = "<group>"; };
		185082301D542D280014D26D /* AppDelegate.h */ = {isa = PBXFileReference; fileEncoding = 4; lastKnownFileType = sourcecode.c.h; path = AppDelegate.h; sourceTree = "<group>"; };
		185082311D542D280014D26D /* AppDelegate.m */ = {isa = PBXFileReference; fileEncoding = 4; lastKnownFileType = sourcecode.c.objc; path = AppDelegate.m; sourceTree = "<group>"; };
		185082321D542D280014D26D /* Assets.xcassets */ = {isa = PBXFileReference; lastKnownFileType = folder.assetcatalog; path = Assets.xcassets; sourceTree = "<group>"; };
		185082331D542D280014D26D /* main.m */ = {isa = PBXFileReference; fileEncoding = 4; lastKnownFileType = sourcecode.c.objc; path = main.m; sourceTree = "<group>"; };
		185082461D5497270014D26D /* LZBYKPrefixHeader.pch */ = {isa = PBXFileReference; lastKnownFileType = sourcecode.c.h; path = LZBYKPrefixHeader.pch; sourceTree = "<group>"; };
		185D56171D76734C00A53AE9 /* LZBFuncTools.h */ = {isa = PBXFileReference; fileEncoding = 4; lastKnownFileType = sourcecode.c.h; path = LZBFuncTools.h; sourceTree = "<group>"; };
		185D56181D76734C00A53AE9 /* LZBFuncTools.m */ = {isa = PBXFileReference; fileEncoding = 4; lastKnownFileType = sourcecode.c.objc; path = LZBFuncTools.m; sourceTree = "<group>"; };
		185D56221D76B06F00A53AE9 /* HUD.h */ = {isa = PBXFileReference; fileEncoding = 4; lastKnownFileType = sourcecode.c.h; path = HUD.h; sourceTree = "<group>"; };
		185D56231D76B06F00A53AE9 /* HUD.m */ = {isa = PBXFileReference; fileEncoding = 4; lastKnownFileType = sourcecode.c.objc; path = HUD.m; sourceTree = "<group>"; };
		185D56251D76BA5400A53AE9 /* LZBCommonMacros.h */ = {isa = PBXFileReference; lastKnownFileType = sourcecode.c.h; path = LZBCommonMacros.h; sourceTree = "<group>"; };
		185D56261D76D39700A53AE9 /* BaseNC.h */ = {isa = PBXFileReference; fileEncoding = 4; lastKnownFileType = sourcecode.c.h; path = BaseNC.h; sourceTree = "<group>"; };
		185D56271D76D39700A53AE9 /* BaseNC.m */ = {isa = PBXFileReference; fileEncoding = 4; lastKnownFileType = sourcecode.c.objc; path = BaseNC.m; sourceTree = "<group>"; };
		185D56291D76D3CF00A53AE9 /* BaseTC.h */ = {isa = PBXFileReference; fileEncoding = 4; lastKnownFileType = sourcecode.c.h; path = BaseTC.h; sourceTree = "<group>"; };
		185D562A1D76D3CF00A53AE9 /* BaseTC.m */ = {isa = PBXFileReference; fileEncoding = 4; lastKnownFileType = sourcecode.c.objc; path = BaseTC.m; sourceTree = "<group>"; };
		185D562C1D76D3E700A53AE9 /* BaseVC.h */ = {isa = PBXFileReference; fileEncoding = 4; lastKnownFileType = sourcecode.c.h; path = BaseVC.h; sourceTree = "<group>"; };
		185D562D1D76D3E700A53AE9 /* BaseVC.m */ = {isa = PBXFileReference; fileEncoding = 4; lastKnownFileType = sourcecode.c.objc; path = BaseVC.m; sourceTree = "<group>"; };
		185D562F1D76D9CD00A53AE9 /* BaseDataManger.h */ = {isa = PBXFileReference; fileEncoding = 4; lastKnownFileType = sourcecode.c.h; path = BaseDataManger.h; sourceTree = "<group>"; };
		185D56301D76D9CD00A53AE9 /* BaseDataManger.m */ = {isa = PBXFileReference; fileEncoding = 4; lastKnownFileType = sourcecode.c.objc; path = BaseDataManger.m; sourceTree = "<group>"; };
		18A437791D7EB05400AE6AAD /* YKAPPConfigModel.h */ = {isa = PBXFileReference; fileEncoding = 4; lastKnownFileType = sourcecode.c.h; path = YKAPPConfigModel.h; sourceTree = "<group>"; };
		18A4377A1D7EB05400AE6AAD /* YKAPPConfigModel.m */ = {isa = PBXFileReference; fileEncoding = 4; lastKnownFileType = sourcecode.c.objc; path = YKAPPConfigModel.m; sourceTree = "<group>"; };
		18A4377C1D7EB82100AE6AAD /* LZBDataConversionManger.h */ = {isa = PBXFileReference; fileEncoding = 4; lastKnownFileType = sourcecode.c.h; path = LZBDataConversionManger.h; sourceTree = "<group>"; };
		18A4377D1D7EB82100AE6AAD /* LZBDataConversionManger.m */ = {isa = PBXFileReference; fileEncoding = 4; lastKnownFileType = sourcecode.c.objc; path = LZBDataConversionManger.m; sourceTree = "<group>"; };
		18A437831D7FAEBD00AE6AAD /* LZBYKAdvertisementVC.h */ = {isa = PBXFileReference; fileEncoding = 4; lastKnownFileType = sourcecode.c.h; path = LZBYKAdvertisementVC.h; sourceTree = "<group>"; };
		18A437841D7FAEBD00AE6AAD /* LZBYKAdvertisementVC.m */ = {isa = PBXFileReference; fileEncoding = 4; lastKnownFileType = sourcecode.c.objc; path = LZBYKAdvertisementVC.m; sourceTree = "<group>"; };
		18A437861D7FB41B00AE6AAD /* wenxin_tuanguan_icon.jpg */ = {isa = PBXFileReference; lastKnownFileType = image.jpeg; path = wenxin_tuanguan_icon.jpg; sourceTree = "<group>"; };
		18A437881D7FB6DF00AE6AAD /* UIConstantFont.h */ = {isa = PBXFileReference; fileEncoding = 4; lastKnownFileType = sourcecode.c.h; path = UIConstantFont.h; sourceTree = "<group>"; };
		18A437891D7FB6DF00AE6AAD /* UIConstantFont.m */ = {isa = PBXFileReference; fileEncoding = 4; lastKnownFileType = sourcecode.c.objc; path = UIConstantFont.m; sourceTree = "<group>"; };
		18A4378B1D7FB6FD00AE6AAD /* UIConstantColor.h */ = {isa = PBXFileReference; fileEncoding = 4; lastKnownFileType = sourcecode.c.h; path = UIConstantColor.h; sourceTree = "<group>"; };
		18A4378C1D7FB6FD00AE6AAD /* UIConstantColor.m */ = {isa = PBXFileReference; fileEncoding = 4; lastKnownFileType = sourcecode.c.objc; path = UIConstantColor.m; sourceTree = "<group>"; };
		18A437A11D82646500AE6AAD /* UIView+ClipAngle.h */ = {isa = PBXFileReference; fileEncoding = 4; lastKnownFileType = sourcecode.c.h; path = "UIView+ClipAngle.h"; sourceTree = "<group>"; };
		18A437A21D82646500AE6AAD /* UIView+ClipAngle.m */ = {isa = PBXFileReference; fileEncoding = 4; lastKnownFileType = sourcecode.c.objc; path = "UIView+ClipAngle.m"; sourceTree = "<group>"; };
		18A437A41D86867300AE6AAD /* loginyyun@2x.png */ = {isa = PBXFileReference; lastKnownFileType = image.png; path = "loginyyun@2x.png"; sourceTree = "<group>"; };
		18A437B61D87A6E900AE6AAD /* login_dx@2x.png */ = {isa = PBXFileReference; lastKnownFileType = image.png; path = "login_dx@2x.png"; sourceTree = "<group>"; };
		18A437B71D87A6E900AE6AAD /* login_dx@3x.png */ = {isa = PBXFileReference; lastKnownFileType = image.png; path = "login_dx@3x.png"; sourceTree = "<group>"; };
		18A437B81D87A6E900AE6AAD /* login_qq@2x.png */ = {isa = PBXFileReference; lastKnownFileType = image.png; path = "login_qq@2x.png"; sourceTree = "<group>"; };
		18A437B91D87A6E900AE6AAD /* login_qq@3x.png */ = {isa = PBXFileReference; lastKnownFileType = image.png; path = "login_qq@3x.png"; sourceTree = "<group>"; };
		18A437BA1D87A6E900AE6AAD /* login_weibo@2x.png */ = {isa = PBXFileReference; lastKnownFileType = image.png; path = "login_weibo@2x.png"; sourceTree = "<group>"; };
		18A437BB1D87A6E900AE6AAD /* login_weibo@3x.png */ = {isa = PBXFileReference; lastKnownFileType = image.png; path = "login_weibo@3x.png"; sourceTree = "<group>"; };
		18A437BC1D87A6E900AE6AAD /* login_wx@2x.png */ = {isa = PBXFileReference; lastKnownFileType = image.png; path = "login_wx@2x.png"; sourceTree = "<group>"; };
		18A437BD1D87A6E900AE6AAD /* login_wx@3x.png */ = {isa = PBXFileReference; lastKnownFileType = image.png; path = "login_wx@3x.png"; sourceTree = "<group>"; };
		18A437C61D87A72C00AE6AAD /* LZBYKLoginVC.m */ = {isa = PBXFileReference; fileEncoding = 4; lastKnownFileType = sourcecode.c.objc; path = LZBYKLoginVC.m; sourceTree = "<group>"; };
		18A437CD1D87E44700AE6AAD /* LZBReachabilityManager.h */ = {isa = PBXFileReference; fileEncoding = 4; lastKnownFileType = sourcecode.c.h; path = LZBReachabilityManager.h; sourceTree = "<group>"; };
		18A437CE1D87E44700AE6AAD /* LZBReachabilityManager.m */ = {isa = PBXFileReference; fileEncoding = 4; lastKnownFileType = sourcecode.c.objc; path = LZBReachabilityManager.m; sourceTree = "<group>"; };
		18A437D01D87ED1000AE6AAD /* LZBYKLoginManger.h */ = {isa = PBXFileReference; fileEncoding = 4; lastKnownFileType = sourcecode.c.h; path = LZBYKLoginManger.h; sourceTree = "<group>"; };
		18A437D11D87ED1000AE6AAD /* LZBYKLoginManger.m */ = {isa = PBXFileReference; fileEncoding = 4; lastKnownFileType = sourcecode.c.objc; path = LZBYKLoginManger.m; sourceTree = "<group>"; };
		18A437D31D87F33400AE6AAD /* LZBYKMainTabVC.h */ = {isa = PBXFileReference; fileEncoding = 4; lastKnownFileType = sourcecode.c.h; path = LZBYKMainTabVC.h; sourceTree = "<group>"; };
		18A437D41D87F33400AE6AAD /* LZBYKMainTabVC.m */ = {isa = PBXFileReference; fileEncoding = 4; lastKnownFileType = sourcecode.c.objc; path = LZBYKMainTabVC.m; sourceTree = "<group>"; };
		18A437D71D87F3FA00AE6AAD /* LZBYKMainInterfaceDM.h */ = {isa = PBXFileReference; fileEncoding = 4; lastKnownFileType = sourcecode.c.h; path = LZBYKMainInterfaceDM.h; sourceTree = "<group>"; };
		18A437D81D87F3FA00AE6AAD /* LZBYKMainInterfaceDM.m */ = {isa = PBXFileReference; fileEncoding = 4; lastKnownFileType = sourcecode.c.objc; path = LZBYKMainInterfaceDM.m; sourceTree = "<group>"; };
		18A437DA1D8800B900AE6AAD /* LZBYKMainViewController.h */ = {isa = PBXFileReference; fileEncoding = 4; lastKnownFileType = sourcecode.c.h; path = LZBYKMainViewController.h; sourceTree = "<group>"; };
		18A437DB1D8800B900AE6AAD /* LZBYKMainViewController.m */ = {isa = PBXFileReference; fileEncoding = 4; lastKnownFileType = sourcecode.c.objc; path = LZBYKMainViewController.m; sourceTree = "<group>"; };
		18A437DD1D88011700AE6AAD /* LZBYKCenterViewController.h */ = {isa = PBXFileReference; fileEncoding = 4; lastKnownFileType = sourcecode.c.h; path = LZBYKCenterViewController.h; sourceTree = "<group>"; };
		18A437DE1D88011700AE6AAD /* LZBYKCenterViewController.m */ = {isa = PBXFileReference; fileEncoding = 4; lastKnownFileType = sourcecode.c.objc; path = LZBYKCenterViewController.m; sourceTree = "<group>"; };
		18A437E01D88013B00AE6AAD /* LZBYKMyViewController.h */ = {isa = PBXFileReference; fileEncoding = 4; lastKnownFileType = sourcecode.c.h; path = LZBYKMyViewController.h; sourceTree = "<group>"; };
		18A437E11D88013B00AE6AAD /* LZBYKMyViewController.m */ = {isa = PBXFileReference; fileEncoding = 4; lastKnownFileType = sourcecode.c.objc; path = LZBYKMyViewController.m; sourceTree = "<group>"; };
		18A437E51D88026400AE6AAD /* LZBCenterInterfaceDM.h */ = {isa = PBXFileReference; fileEncoding = 4; lastKnownFileType = sourcecode.c.h; path = LZBCenterInterfaceDM.h; sourceTree = "<group>"; };
		18A437E61D88026400AE6AAD /* LZBCenterInterfaceDM.m */ = {isa = PBXFileReference; fileEncoding = 4; lastKnownFileType = sourcecode.c.objc; path = LZBCenterInterfaceDM.m; sourceTree = "<group>"; };
		18A437E81D88028300AE6AAD /* LZBMyInterfaceDM.h */ = {isa = PBXFileReference; fileEncoding = 4; lastKnownFileType = sourcecode.c.h; path = LZBMyInterfaceDM.h; sourceTree = "<group>"; };
		18A437E91D88028300AE6AAD /* LZBMyInterfaceDM.m */ = {isa = PBXFileReference; fileEncoding = 4; lastKnownFileType = sourcecode.c.objc; path = LZBMyInterfaceDM.m; sourceTree = "<group>"; };
		18A437EB1D881D2300AE6AAD /* tab_live_p@2x.png */ = {isa = PBXFileReference; lastKnownFileType = image.png; path = "tab_live_p@2x.png"; sourceTree = "<group>"; };
		18A437EC1D881D2300AE6AAD /* tab_live_p@3x.png */ = {isa = PBXFileReference; lastKnownFileType = image.png; path = "tab_live_p@3x.png"; sourceTree = "<group>"; };
		18A437ED1D881D2300AE6AAD /* tab_live@2x.png */ = {isa = PBXFileReference; lastKnownFileType = image.png; path = "tab_live@2x.png"; sourceTree = "<group>"; };
		18A437EE1D881D2300AE6AAD /* tab_live@3x.png */ = {isa = PBXFileReference; lastKnownFileType = image.png; path = "tab_live@3x.png"; sourceTree = "<group>"; };
		18A437EF1D881D2300AE6AAD /* tab_me_p@2x.png */ = {isa = PBXFileReference; lastKnownFileType = image.png; path = "tab_me_p@2x.png"; sourceTree = "<group>"; };
		18A437F01D881D2300AE6AAD /* tab_me_p@3x.png */ = {isa = PBXFileReference; lastKnownFileType = image.png; path = "tab_me_p@3x.png"; sourceTree = "<group>"; };
		18A437F11D881D2300AE6AAD /* tab_me@2x.png */ = {isa = PBXFileReference; lastKnownFileType = image.png; path = "tab_me@2x.png"; sourceTree = "<group>"; };
		18A437F21D881D2300AE6AAD /* tab_me@3x.png */ = {isa = PBXFileReference; lastKnownFileType = image.png; path = "tab_me@3x.png"; sourceTree = "<group>"; };
		18A437FB1D88222F00AE6AAD /* tab_launch@2x.png */ = {isa = PBXFileReference; lastKnownFileType = image.png; path = "tab_launch@2x.png"; sourceTree = "<group>"; };
		18A437FC1D88222F00AE6AAD /* tab_launch@3x.png */ = {isa = PBXFileReference; lastKnownFileType = image.png; path = "tab_launch@3x.png"; sourceTree = "<group>"; };
		18A437FF1D88231800AE6AAD /* LZBYKTabBar.h */ = {isa = PBXFileReference; fileEncoding = 4; lastKnownFileType = sourcecode.c.h; path = LZBYKTabBar.h; sourceTree = "<group>"; };
		18A438001D88231800AE6AAD /* LZBYKTabBar.m */ = {isa = PBXFileReference; fileEncoding = 4; lastKnownFileType = sourcecode.c.objc; path = LZBYKTabBar.m; sourceTree = "<group>"; };
		18A438021D8E296100AE6AAD /* UIDevice+Extension.h */ = {isa = PBXFileReference; fileEncoding = 4; lastKnownFileType = sourcecode.c.h; path = "UIDevice+Extension.h"; sourceTree = "<group>"; };
		18A438031D8E296100AE6AAD /* UIDevice+Extension.m */ = {isa = PBXFileReference; fileEncoding = 4; lastKnownFileType = sourcecode.c.objc; path = "UIDevice+Extension.m"; sourceTree = "<group>"; };
		18A438051D8E3DB900AE6AAD /* UIConstant.h */ = {isa = PBXFileReference; fileEncoding = 4; lastKnownFileType = sourcecode.c.h; path = UIConstant.h; sourceTree = "<group>"; };
		18A438061D8E3DB900AE6AAD /* UIConstant.m */ = {isa = PBXFileReference; fileEncoding = 4; lastKnownFileType = sourcecode.c.objc; path = UIConstant.m; sourceTree = "<group>"; };
		18D8A9471D73C4A0005768A2 /* UIView+Frame.h */ = {isa = PBXFileReference; fileEncoding = 4; lastKnownFileType = sourcecode.c.h; path = "UIView+Frame.h"; sourceTree = "<group>"; };
		18D8A9481D73C4A0005768A2 /* UIView+Frame.m */ = {isa = PBXFileReference; fileEncoding = 4; lastKnownFileType = sourcecode.c.objc; path = "UIView+Frame.m"; sourceTree = "<group>"; };
		18D8A94B1D73C8D7005768A2 /* UIView+Border.h */ = {isa = PBXFileReference; fileEncoding = 4; lastKnownFileType = sourcecode.c.h; path = "UIView+Border.h"; sourceTree = "<group>"; };
		18D8A94C1D73C8D7005768A2 /* UIView+Border.m */ = {isa = PBXFileReference; fileEncoding = 4; lastKnownFileType = sourcecode.c.objc; path = "UIView+Border.m"; sourceTree = "<group>"; };
		18D8A94E1D73CCDC005768A2 /* UIImage+Common.h */ = {isa = PBXFileReference; fileEncoding = 4; lastKnownFileType = sourcecode.c.h; path = "UIImage+Common.h"; sourceTree = "<group>"; };
		18D8A94F1D73CCDC005768A2 /* UIImage+Common.m */ = {isa = PBXFileReference; fileEncoding = 4; lastKnownFileType = sourcecode.c.objc; path = "UIImage+Common.m"; sourceTree = "<group>"; };
		18D8A9651D7563C3005768A2 /* BaseModel.h */ = {isa = PBXFileReference; fileEncoding = 4; lastKnownFileType = sourcecode.c.h; path = BaseModel.h; sourceTree = "<group>"; };
		18D8A9661D7563C3005768A2 /* BaseModel.m */ = {isa = PBXFileReference; fileEncoding = 4; lastKnownFileType = sourcecode.c.objc; path = BaseModel.m; sourceTree = "<group>"; };
		18D8A9731D7570DE005768A2 /* BaseHttpModel.h */ = {isa = PBXFileReference; fileEncoding = 4; lastKnownFileType = sourcecode.c.h; path = BaseHttpModel.h; sourceTree = "<group>"; };
		18D8A9741D7570DE005768A2 /* BaseHttpModel.m */ = {isa = PBXFileReference; fileEncoding = 4; lastKnownFileType = sourcecode.c.objc; path = BaseHttpModel.m; sourceTree = "<group>"; };
		18D8A9751D7570DE005768A2 /* BaseResponseModel.h */ = {isa = PBXFileReference; fileEncoding = 4; lastKnownFileType = sourcecode.c.h; path = BaseResponseModel.h; sourceTree = "<group>"; };
		18D8A9761D7570DE005768A2 /* BaseResponseModel.m */ = {isa = PBXFileReference; fileEncoding = 4; lastKnownFileType = sourcecode.c.objc; path = BaseResponseModel.m; sourceTree = "<group>"; };
		18D8A9771D7570DE005768A2 /* BaseResquestModel.h */ = {isa = PBXFileReference; fileEncoding = 4; lastKnownFileType = sourcecode.c.h; path = BaseResquestModel.h; sourceTree = "<group>"; };
		18D8A9781D7570DE005768A2 /* BaseResquestModel.m */ = {isa = PBXFileReference; fileEncoding = 4; lastKnownFileType = sourcecode.c.objc; path = BaseResquestModel.m; sourceTree = "<group>"; };
		18D8A97D1D757121005768A2 /* NetWorkResquestTool.h */ = {isa = PBXFileReference; fileEncoding = 4; lastKnownFileType = sourcecode.c.h; path = NetWorkResquestTool.h; sourceTree = "<group>"; };
		18D8A97E1D757121005768A2 /* NetWorkResquestTool.m */ = {isa = PBXFileReference; fileEncoding = 4; lastKnownFileType = sourcecode.c.objc; path = NetWorkResquestTool.m; sourceTree = "<group>"; };
		18D8A9801D7589E9005768A2 /* AppConstants.h */ = {isa = PBXFileReference; fileEncoding = 4; lastKnownFileType = sourcecode.c.h; path = AppConstants.h; sourceTree = "<group>"; };
		18D8A9811D7589E9005768A2 /* AppConstants.m */ = {isa = PBXFileReference; fileEncoding = 4; lastKnownFileType = sourcecode.c.objc; path = AppConstants.m; sourceTree = "<group>"; };
		597FFF4F85A490869D747B61 /* Pods.release.xcconfig */ = {isa = PBXFileReference; includeInIndex = 1; lastKnownFileType = text.xcconfig; name = Pods.release.xcconfig; path = "Pods/Target Support Files/Pods/Pods.release.xcconfig"; sourceTree = "<group>"; };
		80913A990D6EE267523350FB /* libPods.a */ = {isa = PBXFileReference; explicitFileType = archive.ar; includeInIndex = 0; path = libPods.a; sourceTree = BUILT_PRODUCTS_DIR; };
		BABCA77381E370F6AAEB35DA /* Pods.debug.xcconfig */ = {isa = PBXFileReference; includeInIndex = 1; lastKnownFileType = text.xcconfig; name = Pods.debug.xcconfig; path = "Pods/Target Support Files/Pods/Pods.debug.xcconfig"; sourceTree = "<group>"; };
/* End PBXFileReference section */

/* Begin PBXFrameworksBuildPhase section */
		185081FB1D531F850014D26D /* Frameworks */ = {
			isa = PBXFrameworksBuildPhase;
			buildActionMask = 2147483647;
			files = (
				184D3E221D7923CB000875B2 /* libsqlite3.tbd in Frameworks */,
				184D3E201D7923BF000875B2 /* ImageIO.framework in Frameworks */,
				184D3DFE1D7922EE000875B2 /* MessageUI.framework in Frameworks */,
				184D3DFC1D7922D7000875B2 /* JavaScriptCore.framework in Frameworks */,
				184D3DFA1D7922CD000875B2 /* libstdc++.tbd in Frameworks */,
				184D3DF81D7922B7000875B2 /* libz.tbd in Frameworks */,
				184D3E1C1D7923AA000875B2 /* libWeChatSDK.a in Frameworks */,
				184D3DF61D7922AA000875B2 /* libicucore.tbd in Frameworks */,
				184D3DF01D7921AB000875B2 /* MOBFoundation.framework in Frameworks */,
				D48A8B2F2794289ECC240BBD /* libPods.a in Frameworks */,
				184D3E1A1D7923AA000875B2 /* libWeiboSDK.a in Frameworks */,
				184D3DF41D79221D000875B2 /* ShareSDKExtension.framework in Frameworks */,
				184D3E181D7923AA000875B2 /* TencentOpenAPI.framework in Frameworks */,
				184D3DEB1D79217F000875B2 /* ShareSDK.framework in Frameworks */,
				184D3DF21D7921AB000875B2 /* ShareSDKConnector.framework in Frameworks */,
			);
			runOnlyForDeploymentPostprocessing = 0;
		};
/* End PBXFrameworksBuildPhase section */

/* Begin PBXGroup section */
		12A24C1A0A7FBAE5780AB65E /* Frameworks */ = {
			isa = PBXGroup;
			children = (
				184D3E211D7923CB000875B2 /* libsqlite3.tbd */,
				184D3E1F1D7923BF000875B2 /* ImageIO.framework */,
				184D3DFD1D7922EE000875B2 /* MessageUI.framework */,
				184D3DFB1D7922D7000875B2 /* JavaScriptCore.framework */,
				184D3DF91D7922CD000875B2 /* libstdc++.tbd */,
				184D3DF71D7922B7000875B2 /* libz.tbd */,
				184D3DF51D7922AA000875B2 /* libicucore.tbd */,
				80913A990D6EE267523350FB /* libPods.a */,
			);
			name = Frameworks;
			sourceTree = "<group>";
		};
		184D3DE11D782CF1000875B2 /* DM */ = {
			isa = PBXGroup;
			children = (
				184D3DE21D782D19000875B2 /* LonginInterfaceDM.h */,
				184D3DE31D782D19000875B2 /* LonginInterfaceDM.m */,
				18A437D01D87ED1000AE6AAD /* LZBYKLoginManger.h */,
				18A437D11D87ED1000AE6AAD /* LZBYKLoginManger.m */,
			);
			path = DM;
			sourceTree = "<group>";
		};
		184D3DE91D792173000875B2 /* ShareSDK */ = {
			isa = PBXGroup;
			children = (
				184D3DFF1D7923AA000875B2 /* PlatformSDK */,
				184D3DF31D79221D000875B2 /* ShareSDKExtension.framework */,
				184D3DEC1D7921AB000875B2 /* Required */,
				184D3DEA1D79217F000875B2 /* ShareSDK.framework */,
			);
			path = ShareSDK;
			sourceTree = "<group>";
		};
		184D3DEC1D7921AB000875B2 /* Required */ = {
			isa = PBXGroup;
			children = (
				184D3DED1D7921AB000875B2 /* MOBFoundation.framework */,
				184D3DEE1D7921AB000875B2 /* ShareSDK.bundle */,
				184D3DEF1D7921AB000875B2 /* ShareSDKConnector.framework */,
			);
			path = Required;
			sourceTree = "<group>";
		};
		184D3DFF1D7923AA000875B2 /* PlatformSDK */ = {
			isa = PBXGroup;
			children = (
				184D3E001D7923AA000875B2 /* QQSDK */,
				184D3E031D7923AA000875B2 /* SinaWeiboSDK */,
				184D3E111D7923AA000875B2 /* WeChatSDK */,
			);
			path = PlatformSDK;
			sourceTree = "<group>";
		};
		184D3E001D7923AA000875B2 /* QQSDK */ = {
			isa = PBXGroup;
			children = (
				184D3E011D7923AA000875B2 /* TencentOpenAPI.framework */,
				184D3E021D7923AA000875B2 /* TencentOpenApi_IOS_Bundle.bundle */,
			);
			path = QQSDK;
			sourceTree = "<group>";
		};
		184D3E031D7923AA000875B2 /* SinaWeiboSDK */ = {
			isa = PBXGroup;
			children = (
				184D3E041D7923AA000875B2 /* libWeiboSDK.a */,
				184D3E051D7923AA000875B2 /* WBHttpRequest+WeiboGame.h */,
				184D3E061D7923AA000875B2 /* WBHttpRequest+WeiboShare.h */,
				184D3E071D7923AA000875B2 /* WBHttpRequest+WeiboToken.h */,
				184D3E081D7923AA000875B2 /* WBHttpRequest+WeiboUser.h */,
				184D3E091D7923AA000875B2 /* WBHttpRequest.h */,
				184D3E0A1D7923AA000875B2 /* WBSDKBasicButton.h */,
				184D3E0B1D7923AA000875B2 /* WBSDKCommentButton.h */,
				184D3E0C1D7923AA000875B2 /* WBSDKRelationshipButton.h */,
				184D3E0D1D7923AA000875B2 /* WeiboSDK+Statistics.h */,
				184D3E0E1D7923AA000875B2 /* WeiboSDK.bundle */,
				184D3E0F1D7923AA000875B2 /* WeiboSDK.h */,
				184D3E101D7923AA000875B2 /* WeiboUser.h */,
			);
			path = SinaWeiboSDK;
			sourceTree = "<group>";
		};
		184D3E111D7923AA000875B2 /* WeChatSDK */ = {
			isa = PBXGroup;
			children = (
				184D3E121D7923AA000875B2 /* libWeChatSDK.a */,
				184D3E131D7923AA000875B2 /* read_me.txt */,
				184D3E141D7923AA000875B2 /* README.txt */,
				184D3E151D7923AA000875B2 /* WechatAuthSDK.h */,
				184D3E161D7923AA000875B2 /* WXApi.h */,
				184D3E171D7923AA000875B2 /* WXApiObject.h */,
			);
			path = WeChatSDK;
			sourceTree = "<group>";
		};
		184D3E231D7924CF000875B2 /* AppManger */ = {
			isa = PBXGroup;
			children = (
				184D3E241D792524000875B2 /* YKAppManger.h */,
				184D3E251D792524000875B2 /* YKAppManger.m */,
				184D3E271D7926BB000875B2 /* LZBYKShareSDKManger.h */,
				184D3E281D7926BB000875B2 /* LZBYKShareSDKManger.m */,
			);
			path = AppManger;
			sourceTree = "<group>";
		};
		185081F51D531F850014D26D = {
			isa = PBXGroup;
			children = (
				185082001D531F850014D26D /* LZBYKLive */,
				185081FF1D531F850014D26D /* Products */,
				57109CE72DEC3994D51E8CE1 /* Pods */,
				12A24C1A0A7FBAE5780AB65E /* Frameworks */,
			);
			sourceTree = "<group>";
		};
		185081FF1D531F850014D26D /* Products */ = {
			isa = PBXGroup;
			children = (
				185081FE1D531F850014D26D /* LZBYKLive.app */,
			);
			name = Products;
			sourceTree = "<group>";
		};
		185082001D531F850014D26D /* LZBYKLive */ = {
			isa = PBXGroup;
			children = (
				1850823C1D542D3C0014D26D /* Common */,
				1850822B1D542D280014D26D /* Modules */,
				185082361D542D280014D26D /* Utils */,
				1850823B1D542D3C0014D26D /* Categrories */,
				1850822A1D542D280014D26D /* Library */,
				1850822D1D542D280014D26D /* Resource */,
				1850822F1D542D280014D26D /* System */,
				185082011D531F850014D26D /* Supporting Files */,
			);
			path = LZBYKLive;
			sourceTree = "<group>";
		};
		185082011D531F850014D26D /* Supporting Files */ = {
			isa = PBXGroup;
			children = (
				1850820F1D531F850014D26D /* LaunchScreen.storyboard */,
				185082121D531F850014D26D /* Info.plist */,
			);
			name = "Supporting Files";
			sourceTree = "<group>";
		};
		1850822A1D542D280014D26D /* Library */ = {
			isa = PBXGroup;
			children = (
				184D3DE91D792173000875B2 /* ShareSDK */,
			);
			path = Library;
			sourceTree = "<group>";
		};
		1850822B1D542D280014D26D /* Modules */ = {
			isa = PBXGroup;
			children = (
				18D8A9381D73C457005768A2 /* Center */,
				18D8A93D1D73C457005768A2 /* Main */,
				18D8A9421D73C457005768A2 /* My */,
				18D8A9601D756138005768A2 /* Other */,
			);
			path = Modules;
			sourceTree = "<group>";
		};
		1850822D1D542D280014D26D /* Resource */ = {
			isa = PBXGroup;
			children = (
			);
			path = Resource;
			sourceTree = "<group>";
		};
		1850822F1D542D280014D26D /* System */ = {
			isa = PBXGroup;
			children = (
				185082301D542D280014D26D /* AppDelegate.h */,
				185082311D542D280014D26D /* AppDelegate.m */,
				185082321D542D280014D26D /* Assets.xcassets */,
				185082331D542D280014D26D /* main.m */,
				185082461D5497270014D26D /* LZBYKPrefixHeader.pch */,
			);
			path = System;
			sourceTree = "<group>";
		};
		185082361D542D280014D26D /* Utils */ = {
			isa = PBXGroup;
			children = (
				185D56171D76734C00A53AE9 /* LZBFuncTools.h */,
				185D56181D76734C00A53AE9 /* LZBFuncTools.m */,
				185D56221D76B06F00A53AE9 /* HUD.h */,
				185D56231D76B06F00A53AE9 /* HUD.m */,
				18A4377C1D7EB82100AE6AAD /* LZBDataConversionManger.h */,
				18A4377D1D7EB82100AE6AAD /* LZBDataConversionManger.m */,
			);
			path = Utils;
			sourceTree = "<group>";
		};
		1850823B1D542D3C0014D26D /* Categrories */ = {
			isa = PBXGroup;
			children = (
				18D8A9471D73C4A0005768A2 /* UIView+Frame.h */,
				18D8A9481D73C4A0005768A2 /* UIView+Frame.m */,
				18D8A94B1D73C8D7005768A2 /* UIView+Border.h */,
				18D8A94C1D73C8D7005768A2 /* UIView+Border.m */,
				18D8A94E1D73CCDC005768A2 /* UIImage+Common.h */,
				18D8A94F1D73CCDC005768A2 /* UIImage+Common.m */,
				18A437A11D82646500AE6AAD /* UIView+ClipAngle.h */,
				18A437A21D82646500AE6AAD /* UIView+ClipAngle.m */,
				18A438021D8E296100AE6AAD /* UIDevice+Extension.h */,
				18A438031D8E296100AE6AAD /* UIDevice+Extension.m */,
			);
			path = Categrories;
			sourceTree = "<group>";
		};
		1850823C1D542D3C0014D26D /* Common */ = {
			isa = PBXGroup;
			children = (
				1850823D1D542D3C0014D26D /* Base */,
				185082411D542D3C0014D26D /* Constants */,
				185082421D542D3C0014D26D /* CustomModel */,
				185082431D542D3C0014D26D /* CustomView */,
				18D8A91D1D6E9690005768A2 /* Macros */,
				18D8A91E1D6E9690005768A2 /* Network */,
				18A4377F1D7FAC0F00AE6AAD /* Manger */,
				18D8A91F1D6E9690005768A2 /* Store */,
			);
			path = Common;
			sourceTree = "<group>";
		};
		1850823D1D542D3C0014D26D /* Base */ = {
			isa = PBXGroup;
			children = (
				1850823E1D542D3C0014D26D /* Model */,
				1850823F1D542D3C0014D26D /* View */,
				185082401D542D3C0014D26D /* ViewController */,
			);
			path = Base;
			sourceTree = "<group>";
		};
		1850823E1D542D3C0014D26D /* Model */ = {
			isa = PBXGroup;
			children = (
				18D8A9651D7563C3005768A2 /* BaseModel.h */,
				18D8A9661D7563C3005768A2 /* BaseModel.m */,
				185D562F1D76D9CD00A53AE9 /* BaseDataManger.h */,
				185D56301D76D9CD00A53AE9 /* BaseDataManger.m */,
				184D3DDE1D782CD6000875B2 /* BaseInterfaceDM.h */,
				184D3DDF1D782CD6000875B2 /* BaseInterfaceDM.m */,
				18370EE71D795B7D006B33A1 /* BaseDBModel.h */,
				18370EE81D795B7D006B33A1 /* BaseDBModel.m */,
			);
			path = Model;
			sourceTree = "<group>";
		};
		1850823F1D542D3C0014D26D /* View */ = {
			isa = PBXGroup;
			children = (
			);
			path = View;
			sourceTree = "<group>";
		};
		185082401D542D3C0014D26D /* ViewController */ = {
			isa = PBXGroup;
			children = (
				185D56261D76D39700A53AE9 /* BaseNC.h */,
				185D56271D76D39700A53AE9 /* BaseNC.m */,
				185D56291D76D3CF00A53AE9 /* BaseTC.h */,
				185D562A1D76D3CF00A53AE9 /* BaseTC.m */,
				185D562C1D76D3E700A53AE9 /* BaseVC.h */,
				185D562D1D76D3E700A53AE9 /* BaseVC.m */,
			);
			path = ViewController;
			sourceTree = "<group>";
		};
		185082411D542D3C0014D26D /* Constants */ = {
			isa = PBXGroup;
			children = (
				184D3E231D7924CF000875B2 /* AppManger */,
				18D8A9801D7589E9005768A2 /* AppConstants.h */,
				18D8A9811D7589E9005768A2 /* AppConstants.m */,
				184D3E2A1D79524F000875B2 /* UITypes.h */,
				184D3E2B1D79524F000875B2 /* UITypes.m */,
				18A437881D7FB6DF00AE6AAD /* UIConstantFont.h */,
				18A437891D7FB6DF00AE6AAD /* UIConstantFont.m */,
				18A4378B1D7FB6FD00AE6AAD /* UIConstantColor.h */,
				18A4378C1D7FB6FD00AE6AAD /* UIConstantColor.m */,
				18A438051D8E3DB900AE6AAD /* UIConstant.h */,
				18A438061D8E3DB900AE6AAD /* UIConstant.m */,
			);
			path = Constants;
			sourceTree = "<group>";
		};
		185082421D542D3C0014D26D /* CustomModel */ = {
			isa = PBXGroup;
			children = (
			);
			path = CustomModel;
			sourceTree = "<group>";
		};
		185082431D542D3C0014D26D /* CustomView */ = {
			isa = PBXGroup;
			children = (
				18A437FF1D88231800AE6AAD /* LZBYKTabBar.h */,
				18A438001D88231800AE6AAD /* LZBYKTabBar.m */,
			);
			path = CustomView;
			sourceTree = "<group>";
		};
		18A437781D7EB02600AE6AAD /* Other */ = {
			isa = PBXGroup;
			children = (
				18A437791D7EB05400AE6AAD /* YKAPPConfigModel.h */,
				18A4377A1D7EB05400AE6AAD /* YKAPPConfigModel.m */,
			);
			path = Other;
			sourceTree = "<group>";
		};
		18A4377F1D7FAC0F00AE6AAD /* Manger */ = {
			isa = PBXGroup;
			children = (
				18370EE41D795965006B33A1 /* YKAppCacheDataManger.h */,
				18370EE51D795965006B33A1 /* YKAppCacheDataManger.m */,
			);
			path = Manger;
			sourceTree = "<group>";
		};
		18A437D61D87F3C600AE6AAD /* DM */ = {
			isa = PBXGroup;
			children = (
				18A437D71D87F3FA00AE6AAD /* LZBYKMainInterfaceDM.h */,
				18A437D81D87F3FA00AE6AAD /* LZBYKMainInterfaceDM.m */,
			);
			path = DM;
			sourceTree = "<group>";
		};
		18A437E31D88016600AE6AAD /* DM */ = {
			isa = PBXGroup;
			children = (
				18A437E81D88028300AE6AAD /* LZBMyInterfaceDM.h */,
				18A437E91D88028300AE6AAD /* LZBMyInterfaceDM.m */,
			);
			path = DM;
			sourceTree = "<group>";
		};
		18A437E41D88017A00AE6AAD /* DM */ = {
			isa = PBXGroup;
			children = (
				18A437E51D88026400AE6AAD /* LZBCenterInterfaceDM.h */,
				18A437E61D88026400AE6AAD /* LZBCenterInterfaceDM.m */,
			);
			path = DM;
			sourceTree = "<group>";
		};
		18D8A91D1D6E9690005768A2 /* Macros */ = {
			isa = PBXGroup;
			children = (
				185D56251D76BA5400A53AE9 /* LZBCommonMacros.h */,
			);
			path = Macros;
			sourceTree = "<group>";
		};
		18D8A91E1D6E9690005768A2 /* Network */ = {
			isa = PBXGroup;
			children = (
				184D3DD21D7823A6000875B2 /* BaseHttpDataManger.h */,
				184D3DD31D7823A6000875B2 /* BaseHttpDataManger.m */,
				18D8A9721D7570DE005768A2 /* BaseModel */,
				18D8A9791D7570DE005768A2 /* Tool */,
			);
			path = Network;
			sourceTree = "<group>";
		};
		18D8A91F1D6E9690005768A2 /* Store */ = {
			isa = PBXGroup;
			children = (
			);
			path = Store;
			sourceTree = "<group>";
		};
		18D8A9381D73C457005768A2 /* Center */ = {
			isa = PBXGroup;
			children = (
				18D8A9391D73C457005768A2 /* Controller */,
				18D8A93A1D73C457005768A2 /* Model */,
				18D8A93B1D73C457005768A2 /* Resource */,
				18D8A93C1D73C457005768A2 /* View */,
			);
			path = Center;
			sourceTree = "<group>";
		};
		18D8A9391D73C457005768A2 /* Controller */ = {
			isa = PBXGroup;
			children = (
				18A437DD1D88011700AE6AAD /* LZBYKCenterViewController.h */,
				18A437DE1D88011700AE6AAD /* LZBYKCenterViewController.m */,
			);
			path = Controller;
			sourceTree = "<group>";
		};
		18D8A93A1D73C457005768A2 /* Model */ = {
			isa = PBXGroup;
			children = (
				18A437E41D88017A00AE6AAD /* DM */,
			);
			path = Model;
			sourceTree = "<group>";
		};
		18D8A93B1D73C457005768A2 /* Resource */ = {
			isa = PBXGroup;
			children = (
			);
			path = Resource;
			sourceTree = "<group>";
		};
		18D8A93C1D73C457005768A2 /* View */ = {
			isa = PBXGroup;
			children = (
			);
			path = View;
			sourceTree = "<group>";
		};
		18D8A93D1D73C457005768A2 /* Main */ = {
			isa = PBXGroup;
			children = (
				18D8A93E1D73C457005768A2 /* Controller */,
				18D8A93F1D73C457005768A2 /* Model */,
				18D8A9401D73C457005768A2 /* Resource */,
				18D8A9411D73C457005768A2 /* View */,
			);
			path = Main;
			sourceTree = "<group>";
		};
		18D8A93E1D73C457005768A2 /* Controller */ = {
			isa = PBXGroup;
			children = (
				18A437D31D87F33400AE6AAD /* LZBYKMainTabVC.h */,
				18A437D41D87F33400AE6AAD /* LZBYKMainTabVC.m */,
				18A437DA1D8800B900AE6AAD /* LZBYKMainViewController.h */,
				18A437DB1D8800B900AE6AAD /* LZBYKMainViewController.m */,
			);
			path = Controller;
			sourceTree = "<group>";
		};
		18D8A93F1D73C457005768A2 /* Model */ = {
			isa = PBXGroup;
			children = (
				18A437D61D87F3C600AE6AAD /* DM */,
			);
			path = Model;
			sourceTree = "<group>";
		};
		18D8A9401D73C457005768A2 /* Resource */ = {
			isa = PBXGroup;
			children = (
				18A437FB1D88222F00AE6AAD /* tab_launch@2x.png */,
				18A437FC1D88222F00AE6AAD /* tab_launch@3x.png */,
				18A437EB1D881D2300AE6AAD /* tab_live_p@2x.png */,
				18A437EC1D881D2300AE6AAD /* tab_live_p@3x.png */,
				18A437ED1D881D2300AE6AAD /* tab_live@2x.png */,
				18A437EE1D881D2300AE6AAD /* tab_live@3x.png */,
				18A437EF1D881D2300AE6AAD /* tab_me_p@2x.png */,
				18A437F01D881D2300AE6AAD /* tab_me_p@3x.png */,
				18A437F11D881D2300AE6AAD /* tab_me@2x.png */,
				18A437F21D881D2300AE6AAD /* tab_me@3x.png */,
			);
			path = Resource;
			sourceTree = "<group>";
		};
		18D8A9411D73C457005768A2 /* View */ = {
			isa = PBXGroup;
			children = (
			);
			path = View;
			sourceTree = "<group>";
		};
		18D8A9421D73C457005768A2 /* My */ = {
			isa = PBXGroup;
			children = (
				18D8A9431D73C457005768A2 /* Controller */,
				18D8A9441D73C457005768A2 /* Model */,
				18D8A9451D73C457005768A2 /* Resource */,
				18D8A9461D73C457005768A2 /* View */,
			);
			path = My;
			sourceTree = "<group>";
		};
		18D8A9431D73C457005768A2 /* Controller */ = {
			isa = PBXGroup;
			children = (
				18A437E01D88013B00AE6AAD /* LZBYKMyViewController.h */,
				18A437E11D88013B00AE6AAD /* LZBYKMyViewController.m */,
			);
			path = Controller;
			sourceTree = "<group>";
		};
		18D8A9441D73C457005768A2 /* Model */ = {
			isa = PBXGroup;
			children = (
				18A437E31D88016600AE6AAD /* DM */,
			);
			path = Model;
			sourceTree = "<group>";
		};
		18D8A9451D73C457005768A2 /* Resource */ = {
			isa = PBXGroup;
			children = (
			);
			path = Resource;
			sourceTree = "<group>";
		};
		18D8A9461D73C457005768A2 /* View */ = {
			isa = PBXGroup;
			children = (
			);
			path = View;
			sourceTree = "<group>";
		};
		18D8A9601D756138005768A2 /* Other */ = {
			isa = PBXGroup;
			children = (
				18D8A9611D756138005768A2 /* Controller */,
				18D8A9621D756138005768A2 /* Model */,
				18D8A9631D756138005768A2 /* Resource */,
				18D8A9641D756138005768A2 /* View */,
			);
			path = Other;
			sourceTree = "<group>";
		};
		18D8A9611D756138005768A2 /* Controller */ = {
			isa = PBXGroup;
			children = (
				184D3DDB1D782724000875B2 /* LZBYKLoginVC.h */,
				18A437C61D87A72C00AE6AAD /* LZBYKLoginVC.m */,
				18A437831D7FAEBD00AE6AAD /* LZBYKAdvertisementVC.h */,
				18A437841D7FAEBD00AE6AAD /* LZBYKAdvertisementVC.m */,
			);
			path = Controller;
			sourceTree = "<group>";
		};
		18D8A9621D756138005768A2 /* Model */ = {
			isa = PBXGroup;
			children = (
				18A437781D7EB02600AE6AAD /* Other */,
				184D3DE11D782CF1000875B2 /* DM */,
			);
			path = Model;
			sourceTree = "<group>";
		};
		18D8A9631D756138005768A2 /* Resource */ = {
			isa = PBXGroup;
			children = (
				18A437B61D87A6E900AE6AAD /* login_dx@2x.png */,
				18A437B71D87A6E900AE6AAD /* login_dx@3x.png */,
				18A437B81D87A6E900AE6AAD /* login_qq@2x.png */,
				18A437B91D87A6E900AE6AAD /* login_qq@3x.png */,
				18A437BA1D87A6E900AE6AAD /* login_weibo@2x.png */,
				18A437BB1D87A6E900AE6AAD /* login_weibo@3x.png */,
				18A437BC1D87A6E900AE6AAD /* login_wx@2x.png */,
				18A437BD1D87A6E900AE6AAD /* login_wx@3x.png */,
				18A437A41D86867300AE6AAD /* loginyyun@2x.png */,
				18A437861D7FB41B00AE6AAD /* wenxin_tuanguan_icon.jpg */,
			);
			path = Resource;
			sourceTree = "<group>";
		};
		18D8A9641D756138005768A2 /* View */ = {
			isa = PBXGroup;
			children = (
			);
			path = View;
			sourceTree = "<group>";
		};
		18D8A9721D7570DE005768A2 /* BaseModel */ = {
			isa = PBXGroup;
			children = (
				18D8A9731D7570DE005768A2 /* BaseHttpModel.h */,
				18D8A9741D7570DE005768A2 /* BaseHttpModel.m */,
				18D8A9751D7570DE005768A2 /* BaseResponseModel.h */,
				18D8A9761D7570DE005768A2 /* BaseResponseModel.m */,
				18D8A9771D7570DE005768A2 /* BaseResquestModel.h */,
				18D8A9781D7570DE005768A2 /* BaseResquestModel.m */,
			);
			path = BaseModel;
			sourceTree = "<group>";
		};
		18D8A9791D7570DE005768A2 /* Tool */ = {
			isa = PBXGroup;
			children = (
				18D8A97D1D757121005768A2 /* NetWorkResquestTool.h */,
				18D8A97E1D757121005768A2 /* NetWorkResquestTool.m */,
				18A437CD1D87E44700AE6AAD /* LZBReachabilityManager.h */,
				18A437CE1D87E44700AE6AAD /* LZBReachabilityManager.m */,
			);
			path = Tool;
			sourceTree = "<group>";
		};
		57109CE72DEC3994D51E8CE1 /* Pods */ = {
			isa = PBXGroup;
			children = (
				BABCA77381E370F6AAEB35DA /* Pods.debug.xcconfig */,
				597FFF4F85A490869D747B61 /* Pods.release.xcconfig */,
			);
			name = Pods;
			sourceTree = "<group>";
		};
/* End PBXGroup section */

/* Begin PBXNativeTarget section */
		185081FD1D531F850014D26D /* LZBYKLive */ = {
			isa = PBXNativeTarget;
			buildConfigurationList = 185082151D531F850014D26D /* Build configuration list for PBXNativeTarget "LZBYKLive" */;
			buildPhases = (
				839DE2EE57548414CFC37576 /* Check Pods Manifest.lock */,
				185081FA1D531F850014D26D /* Sources */,
				185081FB1D531F850014D26D /* Frameworks */,
				185081FC1D531F850014D26D /* Resources */,
				51B9F3EB07CBCB0B5697C975 /* Embed Pods Frameworks */,
				14B1653B98446DF1913EAEAE /* Copy Pods Resources */,
			);
			buildRules = (
			);
			dependencies = (
			);
			name = LZBYKLive;
			productName = LZBYKLive;
			productReference = 185081FE1D531F850014D26D /* LZBYKLive.app */;
			productType = "com.apple.product-type.application";
		};
/* End PBXNativeTarget section */

/* Begin PBXProject section */
		185081F61D531F850014D26D /* Project object */ = {
			isa = PBXProject;
			attributes = {
				LastUpgradeCheck = 0730;
				ORGANIZATIONNAME = "刘子彬（更多项目源码分享平台“开发者源代码” 微信号：developerCode 作者简介：iOS开发者，喜爱交流分享）";
				TargetAttributes = {
					185081FD1D531F850014D26D = {
						CreatedOnToolsVersion = 7.3.1;
						DevelopmentTeam = 8LYGY3ZDDQ;
					};
				};
			};
			buildConfigurationList = 185081F91D531F850014D26D /* Build configuration list for PBXProject "LZBYKLive" */;
			compatibilityVersion = "Xcode 3.2";
			developmentRegion = English;
			hasScannedForEncodings = 0;
			knownRegions = (
				en,
				Base,
			);
			mainGroup = 185081F51D531F850014D26D;
			productRefGroup = 185081FF1D531F850014D26D /* Products */;
			projectDirPath = "";
			projectRoot = "";
			targets = (
				185081FD1D531F850014D26D /* LZBYKLive */,
			);
		};
/* End PBXProject section */

/* Begin PBXResourcesBuildPhase section */
		185081FC1D531F850014D26D /* Resources */ = {
			isa = PBXResourcesBuildPhase;
			buildActionMask = 2147483647;
			files = (
				18A437BE1D87A6E900AE6AAD /* login_dx@2x.png in Resources */,
				18A437C31D87A6E900AE6AAD /* login_weibo@3x.png in Resources */,
				184D3E191D7923AA000875B2 /* TencentOpenApi_IOS_Bundle.bundle in Resources */,
				18A437C41D87A6E900AE6AAD /* login_wx@2x.png in Resources */,
				185082111D531F850014D26D /* LaunchScreen.storyboard in Resources */,
				18A437BF1D87A6E900AE6AAD /* login_dx@3x.png in Resources */,
				18A437C51D87A6E900AE6AAD /* login_wx@3x.png in Resources */,
				18A437FD1D88222F00AE6AAD /* tab_launch@2x.png in Resources */,
				18A437871D7FB41B00AE6AAD /* wenxin_tuanguan_icon.jpg in Resources */,
				184D3E1B1D7923AA000875B2 /* WeiboSDK.bundle in Resources */,
				184D3DF11D7921AB000875B2 /* ShareSDK.bundle in Resources */,
				18A437F91D881D2300AE6AAD /* tab_me@2x.png in Resources */,
				18A437F51D881D2300AE6AAD /* tab_live@2x.png in Resources */,
				18A437FE1D88222F00AE6AAD /* tab_launch@3x.png in Resources */,
				184D3E1D1D7923AA000875B2 /* read_me.txt in Resources */,
				18A437F81D881D2300AE6AAD /* tab_me_p@3x.png in Resources */,
				18A437FA1D881D2300AE6AAD /* tab_me@3x.png in Resources */,
				18A437A51D86867300AE6AAD /* loginyyun@2x.png in Resources */,
				184D3E1E1D7923AA000875B2 /* README.txt in Resources */,
				18A437F41D881D2300AE6AAD /* tab_live_p@3x.png in Resources */,
				18A437C01D87A6E900AE6AAD /* login_qq@2x.png in Resources */,
				18A437C21D87A6E900AE6AAD /* login_weibo@2x.png in Resources */,
				18A437C11D87A6E900AE6AAD /* login_qq@3x.png in Resources */,
				185082381D542D280014D26D /* Assets.xcassets in Resources */,
				18A437F71D881D2300AE6AAD /* tab_me_p@2x.png in Resources */,
				18A437F31D881D2300AE6AAD /* tab_live_p@2x.png in Resources */,
				18A437F61D881D2300AE6AAD /* tab_live@3x.png in Resources */,
			);
			runOnlyForDeploymentPostprocessing = 0;
		};
/* End PBXResourcesBuildPhase section */

/* Begin PBXShellScriptBuildPhase section */
		14B1653B98446DF1913EAEAE /* Copy Pods Resources */ = {
			isa = PBXShellScriptBuildPhase;
			buildActionMask = 2147483647;
			files = (
			);
			inputPaths = (
			);
			name = "Copy Pods Resources";
			outputPaths = (
			);
			runOnlyForDeploymentPostprocessing = 0;
			shellPath = /bin/sh;
			shellScript = "\"${SRCROOT}/Pods/Target Support Files/Pods/Pods-resources.sh\"\n";
			showEnvVarsInLog = 0;
		};
		51B9F3EB07CBCB0B5697C975 /* Embed Pods Frameworks */ = {
			isa = PBXShellScriptBuildPhase;
			buildActionMask = 2147483647;
			files = (
			);
			inputPaths = (
			);
			name = "Embed Pods Frameworks";
			outputPaths = (
			);
			runOnlyForDeploymentPostprocessing = 0;
			shellPath = /bin/sh;
			shellScript = "\"${SRCROOT}/Pods/Target Support Files/Pods/Pods-frameworks.sh\"\n";
			showEnvVarsInLog = 0;
		};
		839DE2EE57548414CFC37576 /* Check Pods Manifest.lock */ = {
			isa = PBXShellScriptBuildPhase;
			buildActionMask = 2147483647;
			files = (
			);
			inputPaths = (
			);
			name = "Check Pods Manifest.lock";
			outputPaths = (
			);
			runOnlyForDeploymentPostprocessing = 0;
			shellPath = /bin/sh;
			shellScript = "diff \"${PODS_ROOT}/../Podfile.lock\" \"${PODS_ROOT}/Manifest.lock\" > /dev/null\nif [[ $? != 0 ]] ; then\n    cat << EOM\nerror: The sandbox is not in sync with the Podfile.lock. Run 'pod install' or update your CocoaPods installation.\nEOM\n    exit 1\nfi\n";
			showEnvVarsInLog = 0;
		};
/* End PBXShellScriptBuildPhase section */

/* Begin PBXSourcesBuildPhase section */
		185081FA1D531F850014D26D /* Sources */ = {
			isa = PBXSourcesBuildPhase;
			buildActionMask = 2147483647;
			files = (
				18A437A31D82646500AE6AAD /* UIView+ClipAngle.m in Sources */,
				18D8A9491D73C4A0005768A2 /* UIView+Frame.m in Sources */,
				18A4378D1D7FB6FD00AE6AAD /* UIConstantColor.m in Sources */,
				18370EE61D795965006B33A1 /* YKAppCacheDataManger.m in Sources */,
				18A437E71D88026400AE6AAD /* LZBCenterInterfaceDM.m in Sources */,
				18D8A97F1D757121005768A2 /* NetWorkResquestTool.m in Sources */,
				18D8A94D1D73C8D7005768A2 /* UIView+Border.m in Sources */,
				18A437D21D87ED1000AE6AAD /* LZBYKLoginManger.m in Sources */,
				18D8A9821D7589E9005768A2 /* AppConstants.m in Sources */,
				18A437C71D87A72C00AE6AAD /* LZBYKLoginVC.m in Sources */,
				18A437D51D87F33400AE6AAD /* LZBYKMainTabVC.m in Sources */,
				18A438071D8E3DB900AE6AAD /* UIConstant.m in Sources */,
				18A437DC1D8800B900AE6AAD /* LZBYKMainViewController.m in Sources */,
				185D56311D76D9CD00A53AE9 /* BaseDataManger.m in Sources */,
				185D562B1D76D3CF00A53AE9 /* BaseTC.m in Sources */,
				18A437D91D87F3FA00AE6AAD /* LZBYKMainInterfaceDM.m in Sources */,
				18A437CF1D87E44700AE6AAD /* LZBReachabilityManager.m in Sources */,
				18A437EA1D88028300AE6AAD /* LZBMyInterfaceDM.m in Sources */,
				184D3DE41D782D19000875B2 /* LonginInterfaceDM.m in Sources */,
				184D3DD41D7823A6000875B2 /* BaseHttpDataManger.m in Sources */,
				18D8A9671D7563C3005768A2 /* BaseModel.m in Sources */,
				18A437DF1D88011700AE6AAD /* LZBYKCenterViewController.m in Sources */,
				185D562E1D76D3E700A53AE9 /* BaseVC.m in Sources */,
				18A4377B1D7EB05400AE6AAD /* YKAPPConfigModel.m in Sources */,
				185082391D542D280014D26D /* main.m in Sources */,
				18A4378A1D7FB6DF00AE6AAD /* UIConstantFont.m in Sources */,
				18A438041D8E296100AE6AAD /* UIDevice+Extension.m in Sources */,
				184D3E291D7926BB000875B2 /* LZBYKShareSDKManger.m in Sources */,
				18D8A9501D73CCDC005768A2 /* UIImage+Common.m in Sources */,
				18A437851D7FAEBD00AE6AAD /* LZBYKAdvertisementVC.m in Sources */,
				18A438011D88231800AE6AAD /* LZBYKTabBar.m in Sources */,
				184D3E261D792524000875B2 /* YKAppManger.m in Sources */,
				18D8A97B1D7570DE005768A2 /* BaseResponseModel.m in Sources */,
				18A4377E1D7EB82100AE6AAD /* LZBDataConversionManger.m in Sources */,
				185D56191D76734C00A53AE9 /* LZBFuncTools.m in Sources */,
				185D56281D76D39700A53AE9 /* BaseNC.m in Sources */,
				18D8A97A1D7570DE005768A2 /* BaseHttpModel.m in Sources */,
				18370EE91D795B7D006B33A1 /* BaseDBModel.m in Sources */,
				18D8A97C1D7570DE005768A2 /* BaseResquestModel.m in Sources */,
				18A437E21D88013B00AE6AAD /* LZBYKMyViewController.m in Sources */,
				184D3DE01D782CD6000875B2 /* BaseInterfaceDM.m in Sources */,
				185082371D542D280014D26D /* AppDelegate.m in Sources */,
				185D56241D76B06F00A53AE9 /* HUD.m in Sources */,
				184D3E2C1D79524F000875B2 /* UITypes.m in Sources */,
			);
			runOnlyForDeploymentPostprocessing = 0;
		};
/* End PBXSourcesBuildPhase section */

/* Begin PBXVariantGroup section */
		1850820F1D531F850014D26D /* LaunchScreen.storyboard */ = {
			isa = PBXVariantGroup;
			children = (
				185082101D531F850014D26D /* Base */,
			);
			name = LaunchScreen.storyboard;
			sourceTree = "<group>";
		};
/* End PBXVariantGroup section */

/* Begin XCBuildConfiguration section */
		185082131D531F850014D26D /* Debug */ = {
			isa = XCBuildConfiguration;
			buildSettings = {
				ALWAYS_SEARCH_USER_PATHS = NO;
				CLANG_ANALYZER_NONNULL = YES;
				CLANG_CXX_LANGUAGE_STANDARD = "gnu++0x";
				CLANG_CXX_LIBRARY = "libc++";
				CLANG_ENABLE_MODULES = YES;
				CLANG_ENABLE_OBJC_ARC = YES;
				CLANG_WARN_BOOL_CONVERSION = YES;
				CLANG_WARN_CONSTANT_CONVERSION = YES;
				CLANG_WARN_DIRECT_OBJC_ISA_USAGE = YES_ERROR;
				CLANG_WARN_EMPTY_BODY = YES;
				CLANG_WARN_ENUM_CONVERSION = YES;
				CLANG_WARN_INT_CONVERSION = YES;
				CLANG_WARN_OBJC_ROOT_CLASS = YES_ERROR;
				CLANG_WARN_UNREACHABLE_CODE = YES;
				CLANG_WARN__DUPLICATE_METHOD_MATCH = YES;
				"CODE_SIGN_IDENTITY[sdk=iphoneos*]" = "iPhone Developer";
				COPY_PHASE_STRIP = NO;
				DEBUG_INFORMATION_FORMAT = dwarf;
				ENABLE_STRICT_OBJC_MSGSEND = YES;
				ENABLE_TESTABILITY = YES;
				GCC_C_LANGUAGE_STANDARD = gnu99;
				GCC_DYNAMIC_NO_PIC = NO;
				GCC_NO_COMMON_BLOCKS = YES;
				GCC_OPTIMIZATION_LEVEL = 0;
				GCC_PRECOMPILE_PREFIX_HEADER = YES;
				GCC_PREFIX_HEADER = /Users/apple/Documents/demo/github/LZBYKLive/LZBYKLive/LZBYKLive/System/LZBYKLiveHead.pch;
				GCC_PREPROCESSOR_DEFINITIONS = (
					"DEBUG=1",
					"$(inherited)",
				);
				GCC_WARN_64_TO_32_BIT_CONVERSION = YES;
				GCC_WARN_ABOUT_RETURN_TYPE = YES_ERROR;
				GCC_WARN_UNDECLARED_SELECTOR = YES;
				GCC_WARN_UNINITIALIZED_AUTOS = YES_AGGRESSIVE;
				GCC_WARN_UNUSED_FUNCTION = YES;
				GCC_WARN_UNUSED_VARIABLE = YES;
				IPHONEOS_DEPLOYMENT_TARGET = 7.0;
				MTL_ENABLE_DEBUG_INFO = YES;
				ONLY_ACTIVE_ARCH = YES;
				SDKROOT = iphoneos;
			};
			name = Debug;
		};
		185082141D531F850014D26D /* Release */ = {
			isa = XCBuildConfiguration;
			buildSettings = {
				ALWAYS_SEARCH_USER_PATHS = NO;
				CLANG_ANALYZER_NONNULL = YES;
				CLANG_CXX_LANGUAGE_STANDARD = "gnu++0x";
				CLANG_CXX_LIBRARY = "libc++";
				CLANG_ENABLE_MODULES = YES;
				CLANG_ENABLE_OBJC_ARC = YES;
				CLANG_WARN_BOOL_CONVERSION = YES;
				CLANG_WARN_CONSTANT_CONVERSION = YES;
				CLANG_WARN_DIRECT_OBJC_ISA_USAGE = YES_ERROR;
				CLANG_WARN_EMPTY_BODY = YES;
				CLANG_WARN_ENUM_CONVERSION = YES;
				CLANG_WARN_INT_CONVERSION = YES;
				CLANG_WARN_OBJC_ROOT_CLASS = YES_ERROR;
				CLANG_WARN_UNREACHABLE_CODE = YES;
				CLANG_WARN__DUPLICATE_METHOD_MATCH = YES;
				"CODE_SIGN_IDENTITY[sdk=iphoneos*]" = "iPhone Developer";
				COPY_PHASE_STRIP = NO;
				DEBUG_INFORMATION_FORMAT = "dwarf-with-dsym";
				ENABLE_NS_ASSERTIONS = NO;
				ENABLE_STRICT_OBJC_MSGSEND = YES;
				GCC_C_LANGUAGE_STANDARD = gnu99;
				GCC_NO_COMMON_BLOCKS = YES;
				GCC_PRECOMPILE_PREFIX_HEADER = YES;
				GCC_PREFIX_HEADER = /Users/apple/Documents/demo/github/LZBYKLive/LZBYKLive/LZBYKLive/System/LZBYKLiveHead.pch;
				GCC_WARN_64_TO_32_BIT_CONVERSION = YES;
				GCC_WARN_ABOUT_RETURN_TYPE = YES_ERROR;
				GCC_WARN_UNDECLARED_SELECTOR = YES;
				GCC_WARN_UNINITIALIZED_AUTOS = YES_AGGRESSIVE;
				GCC_WARN_UNUSED_FUNCTION = YES;
				GCC_WARN_UNUSED_VARIABLE = YES;
				IPHONEOS_DEPLOYMENT_TARGET = 7.0;
				MTL_ENABLE_DEBUG_INFO = NO;
				SDKROOT = iphoneos;
				VALIDATE_PRODUCT = YES;
			};
			name = Release;
		};
		185082161D531F850014D26D /* Debug */ = {
			isa = XCBuildConfiguration;
			baseConfigurationReference = BABCA77381E370F6AAEB35DA /* Pods.debug.xcconfig */;
			buildSettings = {
				ARCHS = "$(ARCHS_STANDARD)";
				ASSETCATALOG_COMPILER_APPICON_NAME = AppIcon;
				CODE_SIGN_IDENTITY = "iPhone Developer";
				"CODE_SIGN_IDENTITY[sdk=iphoneos*]" = "iPhone Developer";
				FRAMEWORK_SEARCH_PATHS = (
					"$(inherited)",
					"$(PROJECT_DIR)/LZBYKLive/Library/ShareSDK",
					"$(PROJECT_DIR)/LZBYKLive/Library/ShareSDK/Required",
					"$(PROJECT_DIR)/LZBYKLive/Library/ShareSDK/PlatformSDK/QQSDK",
				);
				GCC_PREFIX_HEADER = /Users/apple/Documents/demo/github/LZBYKLive/LZBYKLive/LZBYKLive/System/LZBYKPrefixHeader.pch;
				INFOPLIST_FILE = LZBYKLive/Info.plist;
				LD_RUNPATH_SEARCH_PATHS = "$(inherited) @executable_path/Frameworks";
				LIBRARY_SEARCH_PATHS = (
					"$(inherited)",
					"$(PROJECT_DIR)/LZBYKLive/Library/ShareSDK/PlatformSDK/SinaWeiboSDK",
					"$(PROJECT_DIR)/LZBYKLive/Library/ShareSDK/PlatformSDK/WeChatSDK",
				);
				PRODUCT_BUNDLE_IDENTIFIER = com.lzb.imitationYK;
				PRODUCT_NAME = "$(TARGET_NAME)";
				PROVISIONING_PROFILE = "";
			};
			name = Debug;
		};
		185082171D531F850014D26D /* Release */ = {
			isa = XCBuildConfiguration;
			baseConfigurationReference = 597FFF4F85A490869D747B61 /* Pods.release.xcconfig */;
			buildSettings = {
				ARCHS = "$(ARCHS_STANDARD)";
				ASSETCATALOG_COMPILER_APPICON_NAME = AppIcon;
				CODE_SIGN_IDENTITY = "iPhone Developer";
				"CODE_SIGN_IDENTITY[sdk=iphoneos*]" = "iPhone Developer";
				FRAMEWORK_SEARCH_PATHS = (
					"$(inherited)",
					"$(PROJECT_DIR)/LZBYKLive/Library/ShareSDK",
					"$(PROJECT_DIR)/LZBYKLive/Library/ShareSDK/Required",
					"$(PROJECT_DIR)/LZBYKLive/Library/ShareSDK/PlatformSDK/QQSDK",
				);
				GCC_PREFIX_HEADER = /Users/apple/Documents/demo/github/LZBYKLive/LZBYKLive/LZBYKLive/System/LZBYKPrefixHeader.pch;
				INFOPLIST_FILE = LZBYKLive/Info.plist;
				LD_RUNPATH_SEARCH_PATHS = "$(inherited) @executable_path/Frameworks";
				LIBRARY_SEARCH_PATHS = (
					"$(inherited)",
					"$(PROJECT_DIR)/LZBYKLive/Library/ShareSDK/PlatformSDK/SinaWeiboSDK",
					"$(PROJECT_DIR)/LZBYKLive/Library/ShareSDK/PlatformSDK/WeChatSDK",
				);
				PRODUCT_BUNDLE_IDENTIFIER = com.lzb.imitationYK;
				PRODUCT_NAME = "$(TARGET_NAME)";
				PROVISIONING_PROFILE = "";
			};
			name = Release;
		};
/* End XCBuildConfiguration section */

/* Begin XCConfigurationList section */
		185081F91D531F850014D26D /* Build configuration list for PBXProject "LZBYKLive" */ = {
			isa = XCConfigurationList;
			buildConfigurations = (
				185082131D531F850014D26D /* Debug */,
				185082141D531F850014D26D /* Release */,
			);
			defaultConfigurationIsVisible = 0;
			defaultConfigurationName = Release;
		};
		185082151D531F850014D26D /* Build configuration list for PBXNativeTarget "LZBYKLive" */ = {
			isa = XCConfigurationList;
			buildConfigurations = (
				185082161D531F850014D26D /* Debug */,
				185082171D531F850014D26D /* Release */,
			);
			defaultConfigurationIsVisible = 0;
			defaultConfigurationName = Release;
		};
/* End XCConfigurationList section */
	};
	rootObject = 185081F61D531F850014D26D /* Project object */;
}
