// !$*UTF8*$!
{
	archiveVersion = 1;
	classes = {
	};
	objectVersion = 46;
	objects = {

/* Begin PBXBuildFile section */
		1850820C1D531F850014D26D /* Main.storyboard in Resources */ = {isa = PBXBuildFile; fileRef = 1850820A1D531F850014D26D /* Main.storyboard */; };
		185082111D531F850014D26D /* LaunchScreen.storyboard in Resources */ = {isa = PBXBuildFile; fileRef = 1850820F1D531F850014D26D /* LaunchScreen.storyboard */; };
		185082371D542D280014D26D /* AppDelegate.m in Sources */ = {isa = PBXBuildFile; fileRef = 185082311D542D280014D26D /* AppDelegate.m */; };
		185082381D542D280014D26D /* Assets.xcassets in Resources */ = {isa = PBXBuildFile; fileRef = 185082321D542D280014D26D /* Assets.xcassets */; };
		185082391D542D280014D26D /* main.m in Sources */ = {isa = PBXBuildFile; fileRef = 185082331D542D280014D26D /* main.m */; };
		1850823A1D542D280014D26D /* ViewController.m in Sources */ = {isa = PBXBuildFile; fileRef = 185082351D542D280014D26D /* ViewController.m */; };
		D48A8B2F2794289ECC240BBD /* libPods.a in Frameworks */ = {isa = PBXBuildFile; fileRef = 80913A990D6EE267523350FB /* libPods.a */; };
/* End PBXBuildFile section */

/* Begin PBXFileReference section */
		185081FE1D531F850014D26D /* LZBYKLive.app */ = {isa = PBXFileReference; explicitFileType = wrapper.application; includeInIndex = 0; path = LZBYKLive.app; sourceTree = BUILT_PRODUCTS_DIR; };
		1850820B1D531F850014D26D /* Base */ = {isa = PBXFileReference; lastKnownFileType = file.storyboard; name = Base; path = Base.lproj/Main.storyboard; sourceTree = "<group>"; };
		185082101D531F850014D26D /* Base */ = {isa = PBXFileReference; lastKnownFileType = file.storyboard; name = Base; path = Base.lproj/LaunchScreen.storyboard; sourceTree = "<group>"; };
		185082121D531F850014D26D /* Info.plist */ = {isa = PBXFileReference; lastKnownFileType = text.plist.xml; path = Info.plist; sourceTree = "<group>"; };
		185082301D542D280014D26D /* AppDelegate.h */ = {isa = PBXFileReference; fileEncoding = 4; lastKnownFileType = sourcecode.c.h; path = AppDelegate.h; sourceTree = "<group>"; };
		185082311D542D280014D26D /* AppDelegate.m */ = {isa = PBXFileReference; fileEncoding = 4; lastKnownFileType = sourcecode.c.objc; path = AppDelegate.m; sourceTree = "<group>"; };
		185082321D542D280014D26D /* Assets.xcassets */ = {isa = PBXFileReference; lastKnownFileType = folder.assetcatalog; path = Assets.xcassets; sourceTree = "<group>"; };
		185082331D542D280014D26D /* main.m */ = {isa = PBXFileReference; fileEncoding = 4; lastKnownFileType = sourcecode.c.objc; path = main.m; sourceTree = "<group>"; };
		185082341D542D280014D26D /* ViewController.h */ = {isa = PBXFileReference; fileEncoding = 4; lastKnownFileType = sourcecode.c.h; path = ViewController.h; sourceTree = "<group>"; };
		185082351D542D280014D26D /* ViewController.m */ = {isa = PBXFileReference; fileEncoding = 4; lastKnownFileType = sourcecode.c.objc; path = ViewController.m; sourceTree = "<group>"; };
		185082461D5497270014D26D /* LZBYKPrefixHeader.pch */ = {isa = PBXFileReference; lastKnownFileType = sourcecode.c.h; path = LZBYKPrefixHeader.pch; sourceTree = "<group>"; };
		597FFF4F85A490869D747B61 /* Pods.release.xcconfig */ = {isa = PBXFileReference; includeInIndex = 1; lastKnownFileType = text.xcconfig; name = Pods.release.xcconfig; path = "Pods/Target Support Files/Pods/Pods.release.xcconfig"; sourceTree = "<group>"; };
		80913A990D6EE267523350FB /* libPods.a */ = {isa = PBXFileReference; explicitFileType = archive.ar; includeInIndex = 0; path = libPods.a; sourceTree = BUILT_PRODUCTS_DIR; };
		BABCA77381E370F6AAEB35DA /* Pods.debug.xcconfig */ = {isa = PBXFileReference; includeInIndex = 1; lastKnownFileType = text.xcconfig; name = Pods.debug.xcconfig; path = "Pods/Target Support Files/Pods/Pods.debug.xcconfig"; sourceTree = "<group>"; };
/* End PBXFileReference section */

/* Begin PBXFrameworksBuildPhase section */
		185081FB1D531F850014D26D /* Frameworks */ = {
			isa = PBXFrameworksBuildPhase;
			buildActionMask = 2147483647;
			files = (
				D48A8B2F2794289ECC240BBD /* libPods.a in Frameworks */,
			);
			runOnlyForDeploymentPostprocessing = 0;
		};
/* End PBXFrameworksBuildPhase section */

/* Begin PBXGroup section */
		12A24C1A0A7FBAE5780AB65E /* Frameworks */ = {
			isa = PBXGroup;
			children = (
				80913A990D6EE267523350FB /* libPods.a */,
			);
			name = Frameworks;
			sourceTree = "<group>";
		};
		185081F51D531F850014D26D = {
			isa = PBXGroup;
			children = (
				185082001D531F850014D26D /* LZBYKLive */,
				185081FF1D531F850014D26D /* Products */,
				57109CE72DEC3994D51E8CE1 /* Pods */,
				12A24C1A0A7FBAE5780AB65E /* Frameworks */,
			);
			sourceTree = "<group>";
		};
		185081FF1D531F850014D26D /* Products */ = {
			isa = PBXGroup;
			children = (
				185081FE1D531F850014D26D /* LZBYKLive.app */,
			);
			name = Products;
			sourceTree = "<group>";
		};
		185082001D531F850014D26D /* LZBYKLive */ = {
			isa = PBXGroup;
			children = (
				1850822F1D542D280014D26D /* System */,
				1850823C1D542D3C0014D26D /* Common */,
				1850822B1D542D280014D26D /* Modules */,
				1850822C1D542D280014D26D /* Network */,
				1850822E1D542D280014D26D /* Store */,
				185082361D542D280014D26D /* Utils */,
				1850823B1D542D3C0014D26D /* Categrories */,
				1850822A1D542D280014D26D /* Library */,
				1850822D1D542D280014D26D /* Resource */,
				185082011D531F850014D26D /* Supporting Files */,
			);
			path = LZBYKLive;
			sourceTree = "<group>";
		};
		185082011D531F850014D26D /* Supporting Files */ = {
			isa = PBXGroup;
			children = (
				1850820A1D531F850014D26D /* Main.storyboard */,
				1850820F1D531F850014D26D /* LaunchScreen.storyboard */,
				185082121D531F850014D26D /* Info.plist */,
			);
			name = "Supporting Files";
			sourceTree = "<group>";
		};
		1850822A1D542D280014D26D /* Library */ = {
			isa = PBXGroup;
			children = (
			);
			path = Library;
			sourceTree = "<group>";
		};
		1850822B1D542D280014D26D /* Modules */ = {
			isa = PBXGroup;
			children = (
			);
			path = Modules;
			sourceTree = "<group>";
		};
		1850822C1D542D280014D26D /* Network */ = {
			isa = PBXGroup;
			children = (
			);
			path = Network;
			sourceTree = "<group>";
		};
		1850822D1D542D280014D26D /* Resource */ = {
			isa = PBXGroup;
			children = (
			);
			path = Resource;
			sourceTree = "<group>";
		};
		1850822E1D542D280014D26D /* Store */ = {
			isa = PBXGroup;
			children = (
			);
			path = Store;
			sourceTree = "<group>";
		};
		1850822F1D542D280014D26D /* System */ = {
			isa = PBXGroup;
			children = (
				185082341D542D280014D26D /* ViewController.h */,
				185082351D542D280014D26D /* ViewController.m */,
				185082301D542D280014D26D /* AppDelegate.h */,
				185082311D542D280014D26D /* AppDelegate.m */,
				185082321D542D280014D26D /* Assets.xcassets */,
				185082331D542D280014D26D /* main.m */,
				185082461D5497270014D26D /* LZBYKPrefixHeader.pch */,
			);
			path = System;
			sourceTree = "<group>";
		};
		185082361D542D280014D26D /* Utils */ = {
			isa = PBXGroup;
			children = (
			);
			path = Utils;
			sourceTree = "<group>";
		};
		1850823B1D542D3C0014D26D /* Categrories */ = {
			isa = PBXGroup;
			children = (
			);
			path = Categrories;
			sourceTree = "<group>";
		};
		1850823C1D542D3C0014D26D /* Common */ = {
			isa = PBXGroup;
			children = (
				1850823D1D542D3C0014D26D /* Base */,
				185082411D542D3C0014D26D /* Constants */,
				185082421D542D3C0014D26D /* CustomModel */,
				185082431D542D3C0014D26D /* CustomView */,
			);
			path = Common;
			sourceTree = "<group>";
		};
		1850823D1D542D3C0014D26D /* Base */ = {
			isa = PBXGroup;
			children = (
				1850823E1D542D3C0014D26D /* Model */,
				1850823F1D542D3C0014D26D /* View */,
				185082401D542D3C0014D26D /* ViewController */,
			);
			path = Base;
			sourceTree = "<group>";
		};
		1850823E1D542D3C0014D26D /* Model */ = {
			isa = PBXGroup;
			children = (
			);
			path = Model;
			sourceTree = "<group>";
		};
		1850823F1D542D3C0014D26D /* View */ = {
			isa = PBXGroup;
			children = (
			);
			path = View;
			sourceTree = "<group>";
		};
		185082401D542D3C0014D26D /* ViewController */ = {
			isa = PBXGroup;
			children = (
			);
			path = ViewController;
			sourceTree = "<group>";
		};
		185082411D542D3C0014D26D /* Constants */ = {
			isa = PBXGroup;
			children = (
			);
			path = Constants;
			sourceTree = "<group>";
		};
		185082421D542D3C0014D26D /* CustomModel */ = {
			isa = PBXGroup;
			children = (
			);
			path = CustomModel;
			sourceTree = "<group>";
		};
		185082431D542D3C0014D26D /* CustomView */ = {
			isa = PBXGroup;
			children = (
			);
			path = CustomView;
			sourceTree = "<group>";
		};
		57109CE72DEC3994D51E8CE1 /* Pods */ = {
			isa = PBXGroup;
			children = (
				BABCA77381E370F6AAEB35DA /* Pods.debug.xcconfig */,
				597FFF4F85A490869D747B61 /* Pods.release.xcconfig */,
			);
			name = Pods;
			sourceTree = "<group>";
		};
/* End PBXGroup section */

/* Begin PBXNativeTarget section */
		185081FD1D531F850014D26D /* LZBYKLive */ = {
			isa = PBXNativeTarget;
			buildConfigurationList = 185082151D531F850014D26D /* Build configuration list for PBXNativeTarget "LZBYKLive" */;
			buildPhases = (
				839DE2EE57548414CFC37576 /* Check Pods Manifest.lock */,
				185081FA1D531F850014D26D /* Sources */,
				185081FB1D531F850014D26D /* Frameworks */,
				185081FC1D531F850014D26D /* Resources */,
				51B9F3EB07CBCB0B5697C975 /* Embed Pods Frameworks */,
				14B1653B98446DF1913EAEAE /* Copy Pods Resources */,
			);
			buildRules = (
			);
			dependencies = (
			);
			name = LZBYKLive;
			productName = LZBYKLive;
			productReference = 185081FE1D531F850014D26D /* LZBYKLive.app */;
			productType = "com.apple.product-type.application";
		};
/* End PBXNativeTarget section */

/* Begin PBXProject section */
		185081F61D531F850014D26D /* Project object */ = {
			isa = PBXProject;
			attributes = {
				LastUpgradeCheck = 0730;
				ORGANIZATIONNAME = "刘子彬";
				TargetAttributes = {
					185081FD1D531F850014D26D = {
						CreatedOnToolsVersion = 7.3.1;
					};
				};
			};
			buildConfigurationList = 185081F91D531F850014D26D /* Build configuration list for PBXProject "LZBYKLive" */;
			compatibilityVersion = "Xcode 3.2";
			developmentRegion = English;
			hasScannedForEncodings = 0;
			knownRegions = (
				en,
				Base,
			);
			mainGroup = 185081F51D531F850014D26D;
			productRefGroup = 185081FF1D531F850014D26D /* Products */;
			projectDirPath = "";
			projectRoot = "";
			targets = (
				185081FD1D531F850014D26D /* LZBYKLive */,
			);
		};
/* End PBXProject section */

/* Begin PBXResourcesBuildPhase section */
		185081FC1D531F850014D26D /* Resources */ = {
			isa = PBXResourcesBuildPhase;
			buildActionMask = 2147483647;
			files = (
				185082111D531F850014D26D /* LaunchScreen.storyboard in Resources */,
				185082381D542D280014D26D /* Assets.xcassets in Resources */,
				1850820C1D531F850014D26D /* Main.storyboard in Resources */,
			);
			runOnlyForDeploymentPostprocessing = 0;
		};
/* End PBXResourcesBuildPhase section */

/* Begin PBXShellScriptBuildPhase section */
		14B1653B98446DF1913EAEAE /* Copy Pods Resources */ = {
			isa = PBXShellScriptBuildPhase;
			buildActionMask = 2147483647;
			files = (
			);
			inputPaths = (
			);
			name = "Copy Pods Resources";
			outputPaths = (
			);
			runOnlyForDeploymentPostprocessing = 0;
			shellPath = /bin/sh;
			shellScript = "\"${SRCROOT}/Pods/Target Support Files/Pods/Pods-resources.sh\"\n";
			showEnvVarsInLog = 0;
		};
		51B9F3EB07CBCB0B5697C975 /* Embed Pods Frameworks */ = {
			isa = PBXShellScriptBuildPhase;
			buildActionMask = 2147483647;
			files = (
			);
			inputPaths = (
			);
			name = "Embed Pods Frameworks";
			outputPaths = (
			);
			runOnlyForDeploymentPostprocessing = 0;
			shellPath = /bin/sh;
			shellScript = "\"${SRCROOT}/Pods/Target Support Files/Pods/Pods-frameworks.sh\"\n";
			showEnvVarsInLog = 0;
		};
		839DE2EE57548414CFC37576 /* Check Pods Manifest.lock */ = {
			isa = PBXShellScriptBuildPhase;
			buildActionMask = 2147483647;
			files = (
			);
			inputPaths = (
			);
			name = "Check Pods Manifest.lock";
			outputPaths = (
			);
			runOnlyForDeploymentPostprocessing = 0;
			shellPath = /bin/sh;
			shellScript = "diff \"${PODS_ROOT}/../Podfile.lock\" \"${PODS_ROOT}/Manifest.lock\" > /dev/null\nif [[ $? != 0 ]] ; then\n    cat << EOM\nerror: The sandbox is not in sync with the Podfile.lock. Run 'pod install' or update your CocoaPods installation.\nEOM\n    exit 1\nfi\n";
			showEnvVarsInLog = 0;
		};
/* End PBXShellScriptBuildPhase section */

/* Begin PBXSourcesBuildPhase section */
		185081FA1D531F850014D26D /* Sources */ = {
			isa = PBXSourcesBuildPhase;
			buildActionMask = 2147483647;
			files = (
				1850823A1D542D280014D26D /* ViewController.m in Sources */,
				185082391D542D280014D26D /* main.m in Sources */,
				185082371D542D280014D26D /* AppDelegate.m in Sources */,
			);
			runOnlyForDeploymentPostprocessing = 0;
		};
/* End PBXSourcesBuildPhase section */

/* Begin PBXVariantGroup section */
		1850820A1D531F850014D26D /* Main.storyboard */ = {
			isa = PBXVariantGroup;
			children = (
				1850820B1D531F850014D26D /* Base */,
			);
			name = Main.storyboard;
			sourceTree = "<group>";
		};
		1850820F1D531F850014D26D /* LaunchScreen.storyboard */ = {
			isa = PBXVariantGroup;
			children = (
				185082101D531F850014D26D /* Base */,
			);
			name = LaunchScreen.storyboard;
			sourceTree = "<group>";
		};
/* End PBXVariantGroup section */

/* Begin XCBuildConfiguration section */
		185082131D531F850014D26D /* Debug */ = {
			isa = XCBuildConfiguration;
			buildSettings = {
				ALWAYS_SEARCH_USER_PATHS = NO;
				CLANG_ANALYZER_NONNULL = YES;
				CLANG_CXX_LANGUAGE_STANDARD = "gnu++0x";
				CLANG_CXX_LIBRARY = "libc++";
				CLANG_ENABLE_MODULES = YES;
				CLANG_ENABLE_OBJC_ARC = YES;
				CLANG_WARN_BOOL_CONVERSION = YES;
				CLANG_WARN_CONSTANT_CONVERSION = YES;
				CLANG_WARN_DIRECT_OBJC_ISA_USAGE = YES_ERROR;
				CLANG_WARN_EMPTY_BODY = YES;
				CLANG_WARN_ENUM_CONVERSION = YES;
				CLANG_WARN_INT_CONVERSION = YES;
				CLANG_WARN_OBJC_ROOT_CLASS = YES_ERROR;
				CLANG_WARN_UNREACHABLE_CODE = YES;
				CLANG_WARN__DUPLICATE_METHOD_MATCH = YES;
				"CODE_SIGN_IDENTITY[sdk=iphoneos*]" = "iPhone Developer";
				COPY_PHASE_STRIP = NO;
				DEBUG_INFORMATION_FORMAT = dwarf;
				ENABLE_STRICT_OBJC_MSGSEND = YES;
				ENABLE_TESTABILITY = YES;
				GCC_C_LANGUAGE_STANDARD = gnu99;
				GCC_DYNAMIC_NO_PIC = NO;
				GCC_NO_COMMON_BLOCKS = YES;
				GCC_OPTIMIZATION_LEVEL = 0;
				GCC_PRECOMPILE_PREFIX_HEADER = YES;
				GCC_PREFIX_HEADER = /Users/apple/Documents/demo/github/LZBYKLive/LZBYKLive/LZBYKLive/System/LZBYKLiveHead.pch;
				GCC_PREPROCESSOR_DEFINITIONS = (
					"DEBUG=1",
					"$(inherited)",
				);
				GCC_WARN_64_TO_32_BIT_CONVERSION = YES;
				GCC_WARN_ABOUT_RETURN_TYPE = YES_ERROR;
				GCC_WARN_UNDECLARED_SELECTOR = YES;
				GCC_WARN_UNINITIALIZED_AUTOS = YES_AGGRESSIVE;
				GCC_WARN_UNUSED_FUNCTION = YES;
				GCC_WARN_UNUSED_VARIABLE = YES;
				IPHONEOS_DEPLOYMENT_TARGET = 9.3;
				MTL_ENABLE_DEBUG_INFO = YES;
				ONLY_ACTIVE_ARCH = YES;
				SDKROOT = iphoneos;
			};
			name = Debug;
		};
		185082141D531F850014D26D /* Release */ = {
			isa = XCBuildConfiguration;
			buildSettings = {
				ALWAYS_SEARCH_USER_PATHS = NO;
				CLANG_ANALYZER_NONNULL = YES;
				CLANG_CXX_LANGUAGE_STANDARD = "gnu++0x";
				CLANG_CXX_LIBRARY = "libc++";
				CLANG_ENABLE_MODULES = YES;
				CLANG_ENABLE_OBJC_ARC = YES;
				CLANG_WARN_BOOL_CONVERSION = YES;
				CLANG_WARN_CONSTANT_CONVERSION = YES;
				CLANG_WARN_DIRECT_OBJC_ISA_USAGE = YES_ERROR;
				CLANG_WARN_EMPTY_BODY = YES;
				CLANG_WARN_ENUM_CONVERSION = YES;
				CLANG_WARN_INT_CONVERSION = YES;
				CLANG_WARN_OBJC_ROOT_CLASS = YES_ERROR;
				CLANG_WARN_UNREACHABLE_CODE = YES;
				CLANG_WARN__DUPLICATE_METHOD_MATCH = YES;
				"CODE_SIGN_IDENTITY[sdk=iphoneos*]" = "iPhone Developer";
				COPY_PHASE_STRIP = NO;
				DEBUG_INFORMATION_FORMAT = "dwarf-with-dsym";
				ENABLE_NS_ASSERTIONS = NO;
				ENABLE_STRICT_OBJC_MSGSEND = YES;
				GCC_C_LANGUAGE_STANDARD = gnu99;
				GCC_NO_COMMON_BLOCKS = YES;
				GCC_PRECOMPILE_PREFIX_HEADER = YES;
				GCC_PREFIX_HEADER = /Users/apple/Documents/demo/github/LZBYKLive/LZBYKLive/LZBYKLive/System/LZBYKLiveHead.pch;
				GCC_WARN_64_TO_32_BIT_CONVERSION = YES;
				GCC_WARN_ABOUT_RETURN_TYPE = YES_ERROR;
				GCC_WARN_UNDECLARED_SELECTOR = YES;
				GCC_WARN_UNINITIALIZED_AUTOS = YES_AGGRESSIVE;
				GCC_WARN_UNUSED_FUNCTION = YES;
				GCC_WARN_UNUSED_VARIABLE = YES;
				IPHONEOS_DEPLOYMENT_TARGET = 9.3;
				MTL_ENABLE_DEBUG_INFO = NO;
				SDKROOT = iphoneos;
				VALIDATE_PRODUCT = YES;
			};
			name = Release;
		};
		185082161D531F850014D26D /* Debug */ = {
			isa = XCBuildConfiguration;
			baseConfigurationReference = BABCA77381E370F6AAEB35DA /* Pods.debug.xcconfig */;
			buildSettings = {
				ASSETCATALOG_COMPILER_APPICON_NAME = AppIcon;
				GCC_PREFIX_HEADER = /Users/apple/Documents/demo/github/LZBYKLive/LZBYKLive/LZBYKLive/System/LZBYKPrefixHeader.pch;
				INFOPLIST_FILE = LZBYKLive/Info.plist;
				LD_RUNPATH_SEARCH_PATHS = "$(inherited) @executable_path/Frameworks";
				PRODUCT_BUNDLE_IDENTIFIER = "-23334.LZBYKLive";
				PRODUCT_NAME = "$(TARGET_NAME)";
			};
			name = Debug;
		};
		185082171D531F850014D26D /* Release */ = {
			isa = XCBuildConfiguration;
			baseConfigurationReference = 597FFF4F85A490869D747B61 /* Pods.release.xcconfig */;
			buildSettings = {
				ASSETCATALOG_COMPILER_APPICON_NAME = AppIcon;
				GCC_PREFIX_HEADER = /Users/apple/Documents/demo/github/LZBYKLive/LZBYKLive/LZBYKLive/System/LZBYKPrefixHeader.pch;
				INFOPLIST_FILE = LZBYKLive/Info.plist;
				LD_RUNPATH_SEARCH_PATHS = "$(inherited) @executable_path/Frameworks";
				PRODUCT_BUNDLE_IDENTIFIER = "-23334.LZBYKLive";
				PRODUCT_NAME = "$(TARGET_NAME)";
			};
			name = Release;
		};
/* End XCBuildConfiguration section */

/* Begin XCConfigurationList section */
		185081F91D531F850014D26D /* Build configuration list for PBXProject "LZBYKLive" */ = {
			isa = XCConfigurationList;
			buildConfigurations = (
				185082131D531F850014D26D /* Debug */,
				185082141D531F850014D26D /* Release */,
			);
			defaultConfigurationIsVisible = 0;
			defaultConfigurationName = Release;
		};
		185082151D531F850014D26D /* Build configuration list for PBXNativeTarget "LZBYKLive" */ = {
			isa = XCConfigurationList;
			buildConfigurations = (
				185082161D531F850014D26D /* Debug */,
				185082171D531F850014D26D /* Release */,
			);
			defaultConfigurationIsVisible = 0;
			defaultConfigurationName = Release;
		};
/* End XCConfigurationList section */
	};
	rootObject = 185081F61D531F850014D26D /* Project object */;
}
